#MicroXplorer Configuration settings - do not modify
Mcu.Family=STM32F7
ProjectManager.MainLocation=Core/Src
RCC.I2SFreq_Value=96000000
ProjectManager.ProjectFileName=spinalF7_kondo.ioc
RCC.SAI1Freq_Value=96000000
UART4.IPParameters=WordLength,Parity
ProjectManager.KeepUserCode=true
Mcu.UserName=STM32F746VGTx
Mcu.PinsNb=5
ProjectManager.NoMain=false
PC10.Locked=true
RCC.PLLCLKFreq_Value=96000000
PC10.Signal=UART4_TX
RCC.PLLQCLKFreq_Value=96000000
ProjectManager.functionlistsort=1-MX_GPIO_Init-GPIO-false-HAL-true,2-SystemClock_Config-RCC-false-HAL-false,3-MX_USART3_UART_Init-USART3-false-HAL-true,4-MX_UART4_Init-UART4-false-HAL-true,0-MX_CORTEX_M7_Init-CORTEX_M7-false-HAL-true
PC10.Mode=Half_duplex(single_wire_mode)
PD8.Locked=true
ProjectManager.DefaultFWLocation=true
RCC.PLLI2SRCLKFreq_Value=96000000
ProjectManager.DeletePrevious=true
RCC.LCDTFToutputFreq_Value=48000000
PinOutPanel.RotationAngle=0
RCC.FamilyName=M
ProjectManager.StackSize=0x400
Mcu.IP4=UART4
Mcu.IP5=USART3
Mcu.IP2=RCC
NVIC.SVCall_IRQn=true\:0\:0\:false\:false\:true\:false\:false
Mcu.IP3=SYS
Mcu.IP0=CORTEX_M7
Mcu.IP1=NVIC
Mcu.UserConstants=
ProjectManager.TargetToolchain=STM32CubeIDE
RCC.SDMMCFreq_Value=16000000
Mcu.ThirdPartyNb=0
Mcu.IPNb=6
ProjectManager.PreviousToolchain=
RCC.SPDIFRXFreq_Value=96000000
UART4.Parity=PARITY_EVEN
RCC.SAI2Freq_Value=96000000
PE2.GPIOParameters=GPIO_Label
PD8.Signal=USART3_TX
ProjectManager.RegisterCallBack=
RCC.USBFreq_Value=96000000
RCC.VCOSAIOutputFreq_Value=192000000
RCC.PLLSAIoutputFreq_Value=96000000
RCC.LSE_VALUE=32768
PD8.Mode=Half_duplex(single_wire_mode)
Mcu.Pin0=PE2
Mcu.Pin1=PE3
GPIO.groupedBy=Group By Peripherals
Mcu.Pin2=PD8
Mcu.Pin3=PC10
Mcu.Pin4=VP_SYS_VS_Systick
RCC.VCOI2SOutputFreq_Value=192000000
RCC.PLLSAIRCLKFreq_Value=96000000
ProjectManager.ProjectBuild=false
RCC.HSE_VALUE=25000000
NVIC.UsageFault_IRQn=true\:0\:0\:false\:false\:true\:false\:false
NVIC.DebugMonitor_IRQn=true\:0\:0\:false\:false\:true\:false\:false
RCC.PLLSAIPCLKFreq_Value=96000000
board=custom
RCC.VCOOutputFreq_Value=192000000
NVIC.SysTick_IRQn=true\:0\:0\:false\:false\:true\:false\:true
ProjectManager.LastFirmware=true
USART3.WordLength=WORDLENGTH_9B
ProjectManager.FirmwarePackage=STM32Cube FW_F7 V1.16.2
MxDb.Version=DB.6.0.21
ProjectManager.BackupPrevious=false
MxCube.Version=6.2.1
RCC.VCOInputFreq_Value=1000000
RCC.PLLI2SPCLKFreq_Value=96000000
RCC.RNGFreq_Value=96000000
File.Version=6
VP_SYS_VS_Systick.Mode=SysTick
PE3.GPIOParameters=GPIO_Label
PE3.Locked=true
PE2.Signal=GPIO_Output
NVIC.NonMaskableInt_IRQn=true\:0\:0\:false\:false\:true\:false\:false
NVIC.PendSV_IRQn=true\:0\:0\:false\:false\:true\:false\:false
ProjectManager.FreePins=false
RCC.IPParameters=CECFreq_Value,FamilyName,HSE_VALUE,HSI_VALUE,I2SFreq_Value,LCDTFToutputFreq_Value,LSE_VALUE,LSI_VALUE,PLLCLKFreq_Value,PLLI2SPCLKFreq_Value,PLLI2SQCLKFreq_Value,PLLI2SRCLKFreq_Value,PLLQCLKFreq_Value,PLLSAIPCLKFreq_Value,PLLSAIQCLKFreq_Value,PLLSAIRCLKFreq_Value,PLLSAIoutputFreq_Value,RNGFreq_Value,SAI1Freq_Value,SAI2Freq_Value,SDMMCFreq_Value,SPDIFRXFreq_Value,USBFreq_Value,VCOI2SOutputFreq_Value,VCOInputFreq_Value,VCOOutputFreq_Value,VCOSAIOutputFreq_Value
ProjectManager.AskForMigrate=true
Mcu.Name=STM32F746VGTx
RCC.PLLI2SQCLKFreq_Value=96000000
ProjectManager.HalAssertFull=false
ProjectManager.ProjectName=spinalF7_kondo
ProjectManager.UnderRoot=true
ProjectManager.CoupleFile=false
Mcu.Package=LQFP100
NVIC.ForceEnableDMAVector=true
KeepUserPlacement=false
USART3.VirtualMode-Half_duplex(single_wire_mode)=VM_ASYNC
NVIC.MemoryManagement_IRQn=true\:0\:0\:false\:false\:true\:false\:false
ProjectManager.CompilerOptimize=6
ProjectManager.ToolChainLocation=
RCC.LSI_VALUE=32000
VP_SYS_VS_Systick.Signal=SYS_VS_Systick
USART3.IPParameters=VirtualMode-Half_duplex(single_wire_mode),WordLength,Parity
ProjectManager.HeapSize=0x200
NVIC.HardFault_IRQn=true\:0\:0\:false\:false\:true\:false\:false
ProjectManager.ComputerToolchain=false
RCC.HSI_VALUE=16000000
NVIC.PriorityGroup=NVIC_PRIORITYGROUP_4
UART4.WordLength=WORDLENGTH_9B
RCC.CECFreq_Value=32786.88524590164
PE3.Signal=GPIO_Output
PE2.Locked=true
PE3.GPIO_Label=LED1
NVIC.BusFault_IRQn=true\:0\:0\:false\:false\:true\:false\:false
PE2.GPIO_Label=LED0
ProjectManager.CustomerFirmwarePackage=
ProjectManager.DeviceId=STM32F746VGTx
ProjectManager.LibraryCopy=1
RCC.PLLSAIQCLKFreq_Value=96000000
USART3.Parity=PARITY_EVEN
isbadioc=false
