#MicroXplorer Configuration settings - do not modify
Mcu.Family=STM32H7
RCC.DIVQ2Freq_Value=80000000
ProjectManager.MainLocation=Src
PB13.GPIOParameters=GPIO_Speed,GPIO_Label
SH.S_TIM4_CH2.ConfNb=1
SH.S_TIM1_CH4.0=TIM1_CH4
RCC.SAI1Freq_Value=200000000
PE4.GPIO_ModeDefaultOutputPP=GPIO_MODE_OUTPUT_OD
RCC.CortexFreq_Value=400000000
ProjectManager.KeepUserCode=true
Mcu.UserName=STM32H743VITx
SPI1.VirtualType=VM_MASTER
RCC.HPRE=RCC_HCLK_DIV2
PH0-OSC_IN\ (PH0).Signal=RCC_OSC_IN
RCC.PLLFRACN=0
SH.ADCx_INP18.0=ADC1_INP18
ProjectManager.functionlistsort=1-MX_GPIO_Init-GPIO-false-HAL-true,2-SystemClock_Config-RCC-false-HAL-false,3-MX_FDCAN1_Init-FDCAN1-false-HAL-true,4-MX_I2C1_Init-I2C1-false-HAL-true,5-MX_SPI1_Init-SPI1-false-HAL-true,6-MX_ADC1_Init-ADC1-false-HAL-true,7-MX_ETH_Init-ETH-false-HAL-true,8-MX_I2C3_Init-I2C3-false-HAL-true,9-MX_USART1_UART_Init-USART1-false-HAL-true,10-MX_USART3_UART_Init-USART3-false-HAL-true,0-MX_CORTEX_M7_Init-CORTEX_M7-false-HAL-true
PA2.GPIO_Speed=GPIO_SPEED_FREQ_VERY_HIGH
PE2.GPIO_Speed=GPIO_SPEED_FREQ_MEDIUM
PD8.Locked=true
PA11.Mode=FDCAN_Activate
RCC.RTCFreq_Value=32000
PB6.GPIO_Label=IMUCS
RCC.PLL2FRACN=0
RCC.CpuClockFreq_Value=400000000
RCC.VCO2OutputFreq_Value=800000000
PC5.Mode=RMII
SH.S_TIM1_CH3.ConfNb=1
SH.S_TIM1_CH1.ConfNb=1
USART1.IPParameters=VirtualMode-Asynchronous
SH.S_TIM4_CH4.ConfNb=1
PB13.GPIO_Label=RMII_TXD1
PB11.Signal=ETH_TX_EN
PB13.Signal=ETH_TXD1
PA2.GPIOParameters=GPIO_Speed,GPIO_Label
PD9.Mode=Asynchronous
PinOutPanel.RotationAngle=0
RCC.MCO1PinFreq_Value=64000000
RCC.SYSCLKSource=RCC_SYSCLKSOURCE_PLLCLK
ProjectManager.StackSize=0x4000
RCC.AHB4Freq_Value=200000000
PB11.GPIO_Speed=GPIO_SPEED_FREQ_VERY_HIGH
RCC.VCOInput3Freq_Value=8000000
USART3.VirtualMode-Asynchronous=VM_ASYNC
RCC.LPTIM1Freq_Value=100000000
PD13.Signal=S_TIM4_CH2
Mcu.IP4=I2C1
Mcu.IP5=I2C3
PD13.Locked=true
Mcu.IP2=ETH
I2C1.IPParameters=Timing
NVIC.SVCall_IRQn=true\:0\:0\:false\:false\:true\:false\:false
Mcu.IP3=FDCAN1
Mcu.IP0=ADC1
Mcu.IP1=CORTEX_M7
PA12.Signal=FDCAN1_TX
PE4.GPIOParameters=GPIO_Speed,GPIO_Label,GPIO_ModeDefaultOutputPP
Mcu.UserConstants=
PC1.GPIOParameters=GPIO_Label
RCC.DIVP3Freq_Value=400000000
RCC.SDMMCFreq_Value=200000000
Mcu.ThirdPartyNb=0
ADC1.Channel-3\#ChannelRegularConversion=ADC_CHANNEL_19
SPI1.Direction=SPI_DIRECTION_2LINES
RCC.HCLKFreq_Value=200000000
RCC.I2C4Freq_Value=100000000
Mcu.IPNb=12
ProjectManager.PreviousToolchain=
PB6.Signal=GPIO_Output
RCC.SPDIFRXFreq_Value=200000000
RCC.DIVQ3Freq_Value=400000000
SPI1.CalculateBaudRate=100.0 MBits/s
Mcu.Pin6=PA1
Mcu.Pin7=PA2
PD8.Signal=USART3_TX
Mcu.Pin8=PA4
Mcu.Pin9=PA5
PE1.Signal=GPIO_Output
Mcu.Pin0=PE2
Mcu.Pin1=PE3
PE14.Locked=true
GPIO.groupedBy=Group By Peripherals
Mcu.Pin2=PE4
RCC.HRTIMFreq_Value=200000000
Mcu.Pin3=PH0-OSC_IN (PH0)
Mcu.Pin4=PH1-OSC_OUT (PH1)
Mcu.Pin5=PC1
I2C3.IPParameters=Timing
ProjectManager.ProjectBuild=false
PH1-OSC_OUT\ (PH1).Mode=HSE-External-Oscillator
RCC.DIVR3Freq_Value=400000000
RCC.HSE_VALUE=8000000
NVIC.UsageFault_IRQn=true\:0\:0\:false\:false\:true\:false\:false
NVIC.DebugMonitor_IRQn=true\:0\:0\:false\:false\:true\:false\:false
PA4.Locked=true
PE2.GPIO_ModeDefaultOutputPP=GPIO_MODE_OUTPUT_OD
RCC.DIVM3=1
Mcu.IP10=USART1
ADC1.OffsetSignedSaturation-3\#ChannelRegularConversion=DISABLE
RCC.DIVM2=1
NVIC.SysTick_IRQn=true\:0\:0\:false\:false\:true\:false\:true
RCC.DIVM1=1
Mcu.IP11=USART3
PB12.GPIO_Label=RMII_TXD0
ProjectManager.FirmwarePackage=STM32Cube FW_H7 V1.8.0
PC4.GPIO_Speed=GPIO_SPEED_FREQ_VERY_HIGH
MxDb.Version=DB.6.0.10
RCC.DIVP1Freq_Value=400000000
PA1.GPIOParameters=GPIO_Speed,GPIO_Label
PE13.Signal=S_TIM1_CH3
ProjectManager.BackupPrevious=false
RCC.FMCFreq_Value=200000000
PC4.GPIO_Label=RMII_RXD0
PE9.Signal=S_TIM1_CH1
PE4.GPIO_Speed=GPIO_SPEED_FREQ_MEDIUM
PE9.Locked=true
PB5.Mode=Full_Duplex_Master
RCC.USART16Freq_Value=100000000
File.Version=6
PE4.GPIO_Label=LED2
PC9.Mode=I2C
PE3.GPIOParameters=GPIO_Speed,GPIO_Label,GPIO_ModeDefaultOutputPP
SH.S_TIM4_CH2.0=TIM4_CH2
PE3.Locked=true
PE2.Signal=GPIO_Output
PA8.Signal=I2C3_SCL
PB8.Locked=true
PE1.Locked=true
PB6.Locked=true
NVIC.PendSV_IRQn=true\:0\:0\:false\:false\:true\:false\:false
RCC.DIVR2Freq_Value=400000000
PE4.Signal=GPIO_Output
PB6.GPIOParameters=GPIO_Speed,GPIO_FM6,GPIO_Label
ProjectManager.HalAssertFull=false
RCC.DIVP2Freq_Value=400000000
ProjectManager.ProjectName=spinal
RCC.APB3Freq_Value=100000000
RCC.MCO2PinFreq_Value=400000000
PB4\ (NJTRST).Locked=true
Mcu.Package=LQFP100
PB9.Signal=I2C1_SDA
PB12.Mode=RMII
RCC.PLL3FRACN=0
RCC.D1PPRE=RCC_APB3_DIV2
SH.ADCx_INP18.ConfNb=1
PD12.Signal=S_TIM4_CH1
PB6.GPIO_FM6=__NULL
ProjectManager.ToolChainLocation=
PD14.Locked=true
PA2.GPIO_Label=RMII_MDIO
VP_SYS_VS_Systick.Signal=SYS_VS_Systick
USART3.IPParameters=VirtualMode-Asynchronous
PA10.Signal=USART1_RX
RCC.DFSDMFreq_Value=100000000
RCC.DIVR1Freq_Value=400000000
I2C3.Timing=0x10C0ECFF
RCC.TraceFreq_Value=64000000
SH.S_TIM4_CH1.0=TIM4_CH1
RCC.APB4Freq_Value=100000000
RCC.CECFreq_Value=32000
RCC.SAI23Freq_Value=200000000
RCC.FDCANCLockSelection=RCC_FDCANCLKSOURCE_PLL2
NVIC.BusFault_IRQn=true\:0\:0\:false\:false\:true\:false\:false
RCC.LPUART1Freq_Value=100000000
PC5.Signal=ETH_RXD1
PB13.Mode=RMII
SPI1.BaudRatePrescaler=SPI_BAUDRATEPRESCALER_2
PH0-OSC_IN\ (PH0).Mode=HSE-External-Oscillator
PE2.GPIO_Label=LED0
PD15.Signal=S_TIM4_CH4
ProjectManager.CustomerFirmwarePackage=
PC4.GPIOParameters=GPIO_Speed,GPIO_Label
RCC.Tim2OutputFreq_Value=200000000
PC4.Mode=RMII
RCC.DFSDMACLkFreq_Value=200000000
RCC.VCO3OutputFreq_Value=800000000
RCC.PLLSourceVirtual=RCC_PLLSOURCE_HSE
SH.S_TIM4_CH1.ConfNb=1
ProjectManager.ProjectFileName=spinal.ioc
CORTEX_M7.CPU_ICache=Enabled
RCC.DIVQ2=10
RCC.DIVQ1=4
PA7.Mode=RMII
PA10.Mode=Asynchronous
Mcu.PinsNb=40
ProjectManager.NoMain=false
SPI1.IPParameters=VirtualType,Mode,Direction,CalculateBaudRate,BaudRatePrescaler
ADC1.IPParameters=Rank-3\#ChannelRegularConversion,Channel-3\#ChannelRegularConversion,SamplingTime-3\#ChannelRegularConversion,OffsetNumber-3\#ChannelRegularConversion,OffsetSignedSaturation-3\#ChannelRegularConversion,NbrOfConversionFlag,master
SH.S_TIM4_CH4.0=TIM4_CH4
RCC.SWPMI1Freq_Value=100000000
ADC1.OffsetNumber-3\#ChannelRegularConversion=ADC_OFFSET_NONE
RCC.SAI4BFreq_Value=200000000
PC4.Signal=ETH_RXD0
PB11.GPIO_Label=RMII_TX_EN
RCC.D2PPRE2=RCC_APB2_DIV2
RCC.D2PPRE1=RCC_APB1_DIV2
ProjectManager.DefaultFWLocation=true
PD9.Signal=USART3_RX
ProjectManager.DeletePrevious=true
RCC.QSPIFreq_Value=200000000
RCC.PWR_Regulator_Voltage_Scale=PWR_REGULATOR_VOLTAGE_SCALE1
RCC.FamilyName=M
PH1-OSC_OUT\ (PH1).Signal=RCC_OSC_OUT
ETH.IPParameters=MediaInterface
PD12.Locked=true
RCC.SPI6Freq_Value=100000000
RCC.D1CPREFreq_Value=400000000
USART1.VirtualMode-Asynchronous=VM_ASYNC
RCC.USART234578Freq_Value=100000000
PA9.Mode=Asynchronous
RCC.SPI45Freq_Value=100000000
RCC.Tim1OutputFreq_Value=200000000
SH.S_TIM1_CH1.0=TIM1_CH1
RCC.SPI123Freq_Value=200000000
PB11.Mode=RMII
PB3\ (JTDO/TRACESWO).Locked=true
PB3\ (JTDO/TRACESWO).Signal=SPI1_SCK
ProjectManager.TargetToolchain=STM32CubeIDE
RCC.VCO1OutputFreq_Value=800000000
SH.S_TIM4_CH3.0=TIM4_CH3
PC5.GPIOParameters=GPIO_Speed,GPIO_Label
PB9.Mode=I2C
PA9.Signal=USART1_TX
RCC.DIVN3=100
RCC.AXIClockFreq_Value=200000000
RCC.DIVN2=100
I2C1.Timing=0x10C0ECFF
RCC.DIVN1=100
PB13.GPIO_Speed=GPIO_SPEED_FREQ_VERY_HIGH
PE4.Locked=true
PB11.GPIOParameters=GPIO_Speed,GPIO_Label
PB5.Locked=true
PB9.Locked=true
PE2.GPIOParameters=GPIO_Speed,GPIO_Label,GPIO_ModeDefaultOutputPP
ProjectManager.RegisterCallBack=
RCC.USBFreq_Value=200000000
PE11.Signal=S_TIM1_CH2
PD8.Mode=Asynchronous
PA1.Signal=ETH_REF_CLK
RCC.CKPERFreq_Value=64000000
PB12.GPIO_Speed=GPIO_SPEED_FREQ_VERY_HIGH
SH.S_TIM1_CH2.ConfNb=1
SH.S_TIM4_CH3.ConfNb=1
PA5.Signal=ADCx_INP19
board=custom
PE1.GPIO_Label=BAROCS
ProjectManager.LastFirmware=true
PA7.GPIO_Speed=GPIO_SPEED_FREQ_VERY_HIGH
RCC.VCOInput1Freq_Value=8000000
RCC.AHB12Freq_Value=200000000
RCC.APB2Freq_Value=100000000
PE14.Signal=S_TIM1_CH4
PA1.Mode=RMII
MxCube.Version=6.1.2
Mcu.Pin37=PB9
Mcu.Pin38=PE1
SH.S_TIM1_CH2.0=TIM1_CH2
Mcu.Pin35=PB6
Mcu.Pin36=PB8
SPI1.Mode=SPI_MODE_MASTER
RCC.FDCANFreq_Value=80000000
Mcu.Pin39=VP_SYS_VS_Systick
PA1.GPIO_Speed=GPIO_SPEED_FREQ_VERY_HIGH
RCC.RNGFreq_Value=48000000
Mcu.Pin30=PA11
RCC.ADCFreq_Value=400000000
PC1.GPIO_Label=RMII_MDC
PA1.GPIO_Label=RMII_REF_CLK
VP_SYS_VS_Systick.Mode=SysTick
Mcu.Pin33=PB4 (NJTRST)
Mcu.Pin34=PB5
Mcu.Pin31=PA12
Mcu.Pin32=PB3 (JTDO/TRACESWO)
PA9.Locked=true
NVIC.NonMaskableInt_IRQn=true\:0\:0\:false\:false\:true\:false\:false
PB4\ (NJTRST).Mode=Full_Duplex_Master
ProjectManager.FreePins=false
RCC.IPParameters=ADCFreq_Value,AHB12Freq_Value,AHB4Freq_Value,APB1Freq_Value,APB2Freq_Value,APB3Freq_Value,APB4Freq_Value,AXIClockFreq_Value,CECFreq_Value,CKPERFreq_Value,CortexFreq_Value,CpuClockFreq_Value,D1CPREFreq_Value,D1PPRE,D2PPRE1,D2PPRE2,D3PPRE,DFSDMACLkFreq_Value,DFSDMFreq_Value,DIVM1,DIVM2,DIVM3,DIVN1,DIVN2,DIVN3,DIVP1Freq_Value,DIVP2Freq_Value,DIVP3Freq_Value,DIVQ1,DIVQ1Freq_Value,DIVQ2,DIVQ2Freq_Value,DIVQ3Freq_Value,DIVR1Freq_Value,DIVR2Freq_Value,DIVR3Freq_Value,FDCANCLockSelection,FDCANFreq_Value,FMCFreq_Value,FamilyName,HCLK3ClockFreq_Value,HCLKFreq_Value,HPRE,HRTIMFreq_Value,HSE_VALUE,I2C123Freq_Value,I2C4Freq_Value,LPTIM1Freq_Value,LPTIM2Freq_Value,LPTIM345Freq_Value,LPUART1Freq_Value,LTDCFreq_Value,MCO1PinFreq_Value,MCO2PinFreq_Value,PLL2FRACN,PLL3FRACN,PLLFRACN,PLLSourceVirtual,PWR_Regulator_Voltage_Scale,QSPIFreq_Value,RNGFreq_Value,RTCFreq_Value,SAI1Freq_Value,SAI23Freq_Value,SAI4AFreq_Value,SAI4BFreq_Value,SDMMCFreq_Value,SPDIFRXFreq_Value,SPI123Freq_Value,SPI45Freq_Value,SPI6Freq_Value,SWPMI1Freq_Value,SYSCLKFreq_VALUE,SYSCLKSource,Tim1OutputFreq_Value,Tim2OutputFreq_Value,TraceFreq_Value,USART16Freq_Value,USART234578Freq_Value,USBFreq_Value,VCO1OutputFreq_Value,VCO2OutputFreq_Value,VCO3OutputFreq_Value,VCOInput1Freq_Value,VCOInput2Freq_Value,VCOInput3Freq_Value
PE11.Locked=true
ProjectManager.AskForMigrate=true
Mcu.Name=STM32H743VITx
RCC.LPTIM2Freq_Value=100000000
Mcu.Pin26=PC9
Mcu.Pin27=PA8
PA2.Signal=ETH_MDIO
Mcu.Pin24=PD14
ProjectManager.UnderRoot=false
PE13.Locked=true
Mcu.Pin25=PD15
CORTEX_M7.IPParameters=CPU_ICache,CPU_DCache
Mcu.IP8=SPI1
Mcu.IP9=SYS
PD14.Signal=S_TIM4_CH3
Mcu.Pin28=PA9
Mcu.IP6=NVIC
Mcu.Pin29=PA10
Mcu.IP7=RCC
ProjectManager.CoupleFile=false
PA4.Signal=ADCx_INP18
RCC.SYSCLKFreq_VALUE=400000000
PB5.Signal=SPI1_MOSI
Mcu.Pin22=PD12
ETH.MediaInterface=HAL_ETH_RMII_MODE
RCC.I2C123Freq_Value=100000000
Mcu.Pin23=PD13
PA7.GPIO_Label=RMII_CRS_DV
Mcu.Pin20=PD8
ADC1.master=1
Mcu.Pin21=PD9
PA12.Mode=FDCAN_Activate
PA10.Locked=true
ADC1.Rank-3\#ChannelRegularConversion=1
ADC1.SamplingTime-3\#ChannelRegularConversion=ADC_SAMPLETIME_1CYCLE_5
NVIC.ForceEnableDMAVector=true
KeepUserPlacement=false
PC5.GPIO_Label=RMII_RXD1
PE3.GPIO_Speed=GPIO_SPEED_FREQ_MEDIUM
PE3.GPIO_ModeDefaultOutputPP=GPIO_MODE_OUTPUT_OD
SH.ADCx_INP19.ConfNb=1
NVIC.MemoryManagement_IRQn=true\:0\:0\:false\:false\:true\:false\:false
ProjectManager.CompilerOptimize=6
PD15.Locked=true
PA11.Signal=FDCAN1_RX
ProjectManager.HeapSize=0x2000
Mcu.Pin15=PE13
NVIC.HardFault_IRQn=true\:0\:0\:false\:false\:true\:false\:false
Mcu.Pin16=PE14
Mcu.Pin13=PE9
Mcu.Pin14=PE11
SH.S_TIM1_CH3.0=TIM1_CH3
Mcu.Pin19=PB13
RCC.LPTIM345Freq_Value=100000000
ProjectManager.ComputerToolchain=false
Mcu.Pin17=PB11
Mcu.Pin18=PB12
RCC.LTDCFreq_Value=400000000
RCC.SAI4AFreq_Value=200000000
NVIC.PriorityGroup=NVIC_PRIORITYGROUP_4
ADC1.NbrOfConversionFlag=1
Mcu.Pin11=PC4
PC5.GPIO_Speed=GPIO_SPEED_FREQ_VERY_HIGH
Mcu.Pin12=PC5
PB3\ (JTDO/TRACESWO).Mode=Full_Duplex_Master
PB8.Mode=I2C
Mcu.Pin10=PA7
RCC.DIVQ1Freq_Value=200000000
PE2.Locked=true
PE3.Signal=GPIO_Output
PA2.Mode=RMII
SH.ADCx_INP19.0=ADC1_INP19,IN19-Single-Ended
PB8.Signal=I2C1_SCL
PE3.GPIO_Label=LED1
RCC.D3PPRE=RCC_APB4_DIV2
PA8.Mode=I2C
PC9.Signal=I2C3_SDA
CORTEX_M7.CPU_DCache=Enabled
PB6.GPIO_Speed=GPIO_SPEED_FREQ_MEDIUM
RCC.HCLK3ClockFreq_Value=200000000
RCC.VCOInput2Freq_Value=8000000
RCC.APB1Freq_Value=100000000
SH.S_TIM1_CH4.ConfNb=1
PA7.GPIOParameters=GPIO_Speed,GPIO_Label
ProjectManager.DeviceId=STM32H743VITx
PC1.Signal=ETH_MDC
PB12.GPIOParameters=GPIO_Speed,GPIO_Label
PB12.Signal=ETH_TXD0
ProjectManager.LibraryCopy=1
PC1.Mode=RMII
PE1.GPIOParameters=GPIO_Label
PA7.Signal=ETH_CRS_DV
PB4\ (NJTRST).Signal=SPI1_MISO
