#MicroXplorer Configuration settings - do not modify
ADC3.Channel-1\#ChannelRegularConversion=ADC_CHANNEL_1
ADC3.IPParameters=Rank-1\#ChannelRegularConversion,Channel-1\#ChannelRegularConversion,SamplingTime-1\#ChannelRegularConversion,OffsetNumber-1\#ChannelRegularConversion,OffsetSignedSaturation-1\#ChannelRegularConversion,NbrOfConversionFlag,Resolution
ADC3.NbrOfConversionFlag=1
ADC3.OffsetNumber-1\#ChannelRegularConversion=ADC_OFFSET_NONE
ADC3.OffsetSignedSaturation-1\#ChannelRegularConversion=DISABLE
ADC3.Rank-1\#ChannelRegularConversion=1
ADC3.Resolution=ADC_RESOLUTION_12B
ADC3.SamplingTime-1\#ChannelRegularConversion=ADC_SAMPLETIME_1CYCLE_5
CORTEX_M7.AccessPermission-Cortex_Memory_Protection_Unit_Region0_Settings=MPU_REGION_FULL_ACCESS
CORTEX_M7.AccessPermission-Cortex_Memory_Protection_Unit_Region10_Settings=MPU_REGION_FULL_ACCESS
CORTEX_M7.AccessPermission-Cortex_Memory_Protection_Unit_Region11_Settings=MPU_REGION_FULL_ACCESS
CORTEX_M7.AccessPermission-Cortex_Memory_Protection_Unit_Region1_Settings=MPU_REGION_FULL_ACCESS
CORTEX_M7.AccessPermission-Cortex_Memory_Protection_Unit_Region2_Settings=MPU_REGION_FULL_ACCESS
CORTEX_M7.AccessPermission-Cortex_Memory_Protection_Unit_Region3_Settings=MPU_REGION_FULL_ACCESS
CORTEX_M7.AccessPermission-Cortex_Memory_Protection_Unit_Region4_Settings=MPU_REGION_FULL_ACCESS
CORTEX_M7.AccessPermission-Cortex_Memory_Protection_Unit_Region5_Settings=MPU_REGION_FULL_ACCESS
CORTEX_M7.AccessPermission-Cortex_Memory_Protection_Unit_Region6_Settings=MPU_REGION_FULL_ACCESS
CORTEX_M7.AccessPermission-Cortex_Memory_Protection_Unit_Region7_Settings=MPU_REGION_FULL_ACCESS
CORTEX_M7.AccessPermission-Cortex_Memory_Protection_Unit_Region9_Settings=MPU_REGION_FULL_ACCESS
CORTEX_M7.BaseAddress-Cortex_Memory_Protection_Unit_Region0_Settings=0x24040000
CORTEX_M7.BaseAddress-Cortex_Memory_Protection_Unit_Region10_Settings=0x24045100
CORTEX_M7.BaseAddress-Cortex_Memory_Protection_Unit_Region11_Settings=0x24045180
CORTEX_M7.BaseAddress-Cortex_Memory_Protection_Unit_Region1_Settings=0x24040000
CORTEX_M7.BaseAddress-Cortex_Memory_Protection_Unit_Region2_Settings=0x24044400
CORTEX_M7.BaseAddress-Cortex_Memory_Protection_Unit_Region3_Settings=0x30040000
CORTEX_M7.BaseAddress-Cortex_Memory_Protection_Unit_Region4_Settings=0x30044000
CORTEX_M7.BaseAddress-Cortex_Memory_Protection_Unit_Region5_Settings=0x30040000
CORTEX_M7.BaseAddress-Cortex_Memory_Protection_Unit_Region6_Settings=0x24044800
CORTEX_M7.BaseAddress-Cortex_Memory_Protection_Unit_Region7_Settings=0x24044C00
CORTEX_M7.BaseAddress-Cortex_Memory_Protection_Unit_Region8_Settings=0x24045000
CORTEX_M7.BaseAddress-Cortex_Memory_Protection_Unit_Region9_Settings=0x24045080
CORTEX_M7.CPU_DCache=Enabled
CORTEX_M7.CPU_ICache=Enabled
CORTEX_M7.Enable-Cortex_Memory_Protection_Unit_Region0_Settings=MPU_REGION_ENABLE
CORTEX_M7.Enable-Cortex_Memory_Protection_Unit_Region10_Settings=MPU_REGION_ENABLE
CORTEX_M7.Enable-Cortex_Memory_Protection_Unit_Region11_Settings=MPU_REGION_ENABLE
CORTEX_M7.Enable-Cortex_Memory_Protection_Unit_Region1_Settings=MPU_REGION_ENABLE
CORTEX_M7.Enable-Cortex_Memory_Protection_Unit_Region2_Settings=MPU_REGION_ENABLE
CORTEX_M7.Enable-Cortex_Memory_Protection_Unit_Region3_Settings=MPU_REGION_ENABLE
CORTEX_M7.Enable-Cortex_Memory_Protection_Unit_Region4_Settings=MPU_REGION_ENABLE
CORTEX_M7.Enable-Cortex_Memory_Protection_Unit_Region5_Settings=MPU_REGION_ENABLE
CORTEX_M7.Enable-Cortex_Memory_Protection_Unit_Region6_Settings=MPU_REGION_ENABLE
CORTEX_M7.Enable-Cortex_Memory_Protection_Unit_Region7_Settings=MPU_REGION_ENABLE
CORTEX_M7.Enable-Cortex_Memory_Protection_Unit_Region8_Settings=MPU_REGION_ENABLE
CORTEX_M7.Enable-Cortex_Memory_Protection_Unit_Region9_Settings=MPU_REGION_ENABLE
CORTEX_M7.IPParameters=CPU_DCache,CPU_ICache,MPU_Control,Enable-Cortex_Memory_Protection_Unit_Region0_Settings,Enable-Cortex_Memory_Protection_Unit_Region1_Settings,Enable-Cortex_Memory_Protection_Unit_Region2_Settings,Enable-Cortex_Memory_Protection_Unit_Region11_Settings,Enable-Cortex_Memory_Protection_Unit_Region10_Settings,Enable-Cortex_Memory_Protection_Unit_Region9_Settings,Enable-Cortex_Memory_Protection_Unit_Region8_Settings,Enable-Cortex_Memory_Protection_Unit_Region7_Settings,Enable-Cortex_Memory_Protection_Unit_Region6_Settings,Enable-Cortex_Memory_Protection_Unit_Region5_Settings,Enable-Cortex_Memory_Protection_Unit_Region4_Settings,Enable-Cortex_Memory_Protection_Unit_Region3_Settings,BaseAddress-Cortex_Memory_Protection_Unit_Region0_Settings,Size-Cortex_Memory_Protection_Unit_Region0_Settings,TypeExtField-Cortex_Memory_Protection_Unit_Region0_Settings,BaseAddress-Cortex_Memory_Protection_Unit_Region1_Settings,Size-Cortex_Memory_Protection_Unit_Region1_Settings,TypeExtField-Cortex_Memory_Protection_Unit_Region1_Settings,IsShareable-Cortex_Memory_Protection_Unit_Region1_Settings,IsCacheable-Cortex_Memory_Protection_Unit_Region1_Settings,BaseAddress-Cortex_Memory_Protection_Unit_Region2_Settings,Size-Cortex_Memory_Protection_Unit_Region2_Settings,TypeExtField-Cortex_Memory_Protection_Unit_Region2_Settings,BaseAddress-Cortex_Memory_Protection_Unit_Region3_Settings,Size-Cortex_Memory_Protection_Unit_Region3_Settings,TypeExtField-Cortex_Memory_Protection_Unit_Region3_Settings,BaseAddress-Cortex_Memory_Protection_Unit_Region4_Settings,Size-Cortex_Memory_Protection_Unit_Region4_Settings,IsCacheable-Cortex_Memory_Protection_Unit_Region4_Settings,BaseAddress-Cortex_Memory_Protection_Unit_Region5_Settings,Size-Cortex_Memory_Protection_Unit_Region5_Settings,AccessPermission-Cortex_Memory_Protection_Unit_Region5_Settings,IsBufferable-Cortex_Memory_Protection_Unit_Region5_Settings,AccessPermission-Cortex_Memory_Protection_Unit_Region4_Settings,AccessPermission-Cortex_Memory_Protection_Unit_Region3_Settings,AccessPermission-Cortex_Memory_Protection_Unit_Region2_Settings,AccessPermission-Cortex_Memory_Protection_Unit_Region1_Settings,AccessPermission-Cortex_Memory_Protection_Unit_Region0_Settings,BaseAddress-Cortex_Memory_Protection_Unit_Region6_Settings,Size-Cortex_Memory_Protection_Unit_Region6_Settings,TypeExtField-Cortex_Memory_Protection_Unit_Region6_Settings,AccessPermission-Cortex_Memory_Protection_Unit_Region6_Settings,BaseAddress-Cortex_Memory_Protection_Unit_Region7_Settings,Size-Cortex_Memory_Protection_Unit_Region7_Settings,TypeExtField-Cortex_Memory_Protection_Unit_Region7_Settings,AccessPermission-Cortex_Memory_Protection_Unit_Region7_Settings,BaseAddress-Cortex_Memory_Protection_Unit_Region8_Settings,Size-Cortex_Memory_Protection_Unit_Region8_Settings,BaseAddress-Cortex_Memory_Protection_Unit_Region9_Settings,Size-Cortex_Memory_Protection_Unit_Region9_Settings,AccessPermission-Cortex_Memory_Protection_Unit_Region9_Settings,BaseAddress-Cortex_Memory_Protection_Unit_Region10_Settings,Size-Cortex_Memory_Protection_Unit_Region10_Settings,AccessPermission-Cortex_Memory_Protection_Unit_Region10_Settings,BaseAddress-Cortex_Memory_Protection_Unit_Region11_Settings,Size-Cortex_Memory_Protection_Unit_Region11_Settings,AccessPermission-Cortex_Memory_Protection_Unit_Region11_Settings
CORTEX_M7.IsBufferable-Cortex_Memory_Protection_Unit_Region5_Settings=MPU_ACCESS_BUFFERABLE
CORTEX_M7.IsCacheable-Cortex_Memory_Protection_Unit_Region1_Settings=MPU_ACCESS_CACHEABLE
CORTEX_M7.IsCacheable-Cortex_Memory_Protection_Unit_Region4_Settings=MPU_ACCESS_CACHEABLE
CORTEX_M7.IsShareable-Cortex_Memory_Protection_Unit_Region1_Settings=MPU_ACCESS_SHAREABLE
CORTEX_M7.MPU_Control=MPU_PRIVILEGED_DEFAULT
CORTEX_M7.Size-Cortex_Memory_Protection_Unit_Region0_Settings=MPU_REGION_SIZE_1KB
CORTEX_M7.Size-Cortex_Memory_Protection_Unit_Region10_Settings=MPU_REGION_SIZE_128B
CORTEX_M7.Size-Cortex_Memory_Protection_Unit_Region11_Settings=MPU_REGION_SIZE_128B
CORTEX_M7.Size-Cortex_Memory_Protection_Unit_Region1_Settings=MPU_REGION_SIZE_16KB
CORTEX_M7.Size-Cortex_Memory_Protection_Unit_Region2_Settings=MPU_REGION_SIZE_16KB
CORTEX_M7.Size-Cortex_Memory_Protection_Unit_Region3_Settings=MPU_REGION_SIZE_16KB
CORTEX_M7.Size-Cortex_Memory_Protection_Unit_Region4_Settings=MPU_REGION_SIZE_16KB
CORTEX_M7.Size-Cortex_Memory_Protection_Unit_Region5_Settings=MPU_REGION_SIZE_256B
CORTEX_M7.Size-Cortex_Memory_Protection_Unit_Region6_Settings=MPU_REGION_SIZE_1KB
CORTEX_M7.Size-Cortex_Memory_Protection_Unit_Region7_Settings=MPU_REGION_SIZE_1KB
CORTEX_M7.Size-Cortex_Memory_Protection_Unit_Region8_Settings=MPU_REGION_SIZE_128B
CORTEX_M7.Size-Cortex_Memory_Protection_Unit_Region9_Settings=MPU_REGION_SIZE_128B
CORTEX_M7.TypeExtField-Cortex_Memory_Protection_Unit_Region0_Settings=MPU_TEX_LEVEL1
CORTEX_M7.TypeExtField-Cortex_Memory_Protection_Unit_Region1_Settings=MPU_TEX_LEVEL0
CORTEX_M7.TypeExtField-Cortex_Memory_Protection_Unit_Region2_Settings=MPU_TEX_LEVEL1
CORTEX_M7.TypeExtField-Cortex_Memory_Protection_Unit_Region3_Settings=MPU_TEX_LEVEL1
CORTEX_M7.TypeExtField-Cortex_Memory_Protection_Unit_Region6_Settings=MPU_TEX_LEVEL1
CORTEX_M7.TypeExtField-Cortex_Memory_Protection_Unit_Region7_Settings=MPU_TEX_LEVEL1
Dma.Request0=USART6_RX
Dma.Request1=USART6_TX
Dma.Request2=USART3_RX
Dma.Request3=UART4_RX
Dma.Request4=TIM1_CH4
Dma.Request5=TIM2_CH3
Dma.Request6=TIM3_CH4
Dma.Request7=TIM4_CH1
Dma.RequestsNb=8
Dma.TIM1_CH4.4.Direction=DMA_PERIPH_TO_MEMORY
Dma.TIM1_CH4.4.EventEnable=DISABLE
Dma.TIM1_CH4.4.FIFOMode=DMA_FIFOMODE_ENABLE
Dma.TIM1_CH4.4.FIFOThreshold=DMA_FIFO_THRESHOLD_1QUARTERFULL
Dma.TIM1_CH4.4.Instance=DMA1_Stream4
Dma.TIM1_CH4.4.MemBurst=DMA_MBURST_SINGLE
Dma.TIM1_CH4.4.MemDataAlignment=DMA_MDATAALIGN_WORD
Dma.TIM1_CH4.4.MemInc=DMA_MINC_ENABLE
Dma.TIM1_CH4.4.Mode=DMA_NORMAL
Dma.TIM1_CH4.4.PeriphBurst=DMA_PBURST_SINGLE
Dma.TIM1_CH4.4.PeriphDataAlignment=DMA_PDATAALIGN_WORD
Dma.TIM1_CH4.4.PeriphInc=DMA_PINC_DISABLE
Dma.TIM1_CH4.4.Polarity=HAL_DMAMUX_REQ_GEN_RISING
Dma.TIM1_CH4.4.Priority=DMA_PRIORITY_HIGH
Dma.TIM1_CH4.4.RequestNumber=1
Dma.TIM1_CH4.4.RequestParameters=Instance,Direction,PeriphInc,MemInc,PeriphDataAlignment,MemDataAlignment,Mode,Priority,FIFOMode,FIFOThreshold,MemBurst,PeriphBurst,SignalID,Polarity,RequestNumber,SyncSignalID,SyncPolarity,SyncEnable,EventEnable,SyncRequestNumber
Dma.TIM1_CH4.4.SignalID=NONE
Dma.TIM1_CH4.4.SyncEnable=DISABLE
Dma.TIM1_CH4.4.SyncPolarity=HAL_DMAMUX_SYNC_NO_EVENT
Dma.TIM1_CH4.4.SyncRequestNumber=1
Dma.TIM1_CH4.4.SyncSignalID=NONE
Dma.TIM2_CH3.5.Direction=DMA_PERIPH_TO_MEMORY
Dma.TIM2_CH3.5.EventEnable=DISABLE
Dma.TIM2_CH3.5.FIFOMode=DMA_FIFOMODE_ENABLE
Dma.TIM2_CH3.5.FIFOThreshold=DMA_FIFO_THRESHOLD_1QUARTERFULL
Dma.TIM2_CH3.5.Instance=DMA1_Stream5
Dma.TIM2_CH3.5.MemBurst=DMA_MBURST_SINGLE
Dma.TIM2_CH3.5.MemDataAlignment=DMA_MDATAALIGN_WORD
Dma.TIM2_CH3.5.MemInc=DMA_MINC_ENABLE
Dma.TIM2_CH3.5.Mode=DMA_NORMAL
Dma.TIM2_CH3.5.PeriphBurst=DMA_PBURST_SINGLE
Dma.TIM2_CH3.5.PeriphDataAlignment=DMA_PDATAALIGN_WORD
Dma.TIM2_CH3.5.PeriphInc=DMA_PINC_DISABLE
Dma.TIM2_CH3.5.Polarity=HAL_DMAMUX_REQ_GEN_RISING
Dma.TIM2_CH3.5.Priority=DMA_PRIORITY_HIGH
Dma.TIM2_CH3.5.RequestNumber=1
Dma.TIM2_CH3.5.RequestParameters=Instance,Direction,PeriphInc,MemInc,PeriphDataAlignment,MemDataAlignment,Mode,Priority,FIFOMode,FIFOThreshold,MemBurst,PeriphBurst,SignalID,Polarity,RequestNumber,SyncSignalID,SyncPolarity,SyncEnable,EventEnable,SyncRequestNumber
Dma.TIM2_CH3.5.SignalID=NONE
Dma.TIM2_CH3.5.SyncEnable=DISABLE
Dma.TIM2_CH3.5.SyncPolarity=HAL_DMAMUX_SYNC_NO_EVENT
Dma.TIM2_CH3.5.SyncRequestNumber=1
Dma.TIM2_CH3.5.SyncSignalID=NONE
Dma.TIM3_CH4.6.Direction=DMA_PERIPH_TO_MEMORY
Dma.TIM3_CH4.6.EventEnable=DISABLE
Dma.TIM3_CH4.6.FIFOMode=DMA_FIFOMODE_ENABLE
Dma.TIM3_CH4.6.FIFOThreshold=DMA_FIFO_THRESHOLD_1QUARTERFULL
Dma.TIM3_CH4.6.Instance=DMA1_Stream6
Dma.TIM3_CH4.6.MemBurst=DMA_MBURST_SINGLE
Dma.TIM3_CH4.6.MemDataAlignment=DMA_MDATAALIGN_WORD
Dma.TIM3_CH4.6.MemInc=DMA_MINC_ENABLE
Dma.TIM3_CH4.6.Mode=DMA_NORMAL
Dma.TIM3_CH4.6.PeriphBurst=DMA_PBURST_SINGLE
Dma.TIM3_CH4.6.PeriphDataAlignment=DMA_PDATAALIGN_WORD
Dma.TIM3_CH4.6.PeriphInc=DMA_PINC_DISABLE
Dma.TIM3_CH4.6.Polarity=HAL_DMAMUX_REQ_GEN_RISING
Dma.TIM3_CH4.6.Priority=DMA_PRIORITY_HIGH
Dma.TIM3_CH4.6.RequestNumber=1
Dma.TIM3_CH4.6.RequestParameters=Instance,Direction,PeriphInc,MemInc,PeriphDataAlignment,MemDataAlignment,Mode,Priority,FIFOMode,FIFOThreshold,MemBurst,PeriphBurst,SignalID,Polarity,RequestNumber,SyncSignalID,SyncPolarity,SyncEnable,EventEnable,SyncRequestNumber
Dma.TIM3_CH4.6.SignalID=NONE
Dma.TIM3_CH4.6.SyncEnable=DISABLE
Dma.TIM3_CH4.6.SyncPolarity=HAL_DMAMUX_SYNC_NO_EVENT
Dma.TIM3_CH4.6.SyncRequestNumber=1
Dma.TIM3_CH4.6.SyncSignalID=NONE
Dma.TIM4_CH1.7.Direction=DMA_PERIPH_TO_MEMORY
Dma.TIM4_CH1.7.EventEnable=DISABLE
Dma.TIM4_CH1.7.FIFOMode=DMA_FIFOMODE_ENABLE
Dma.TIM4_CH1.7.FIFOThreshold=DMA_FIFO_THRESHOLD_1QUARTERFULL
Dma.TIM4_CH1.7.Instance=DMA1_Stream7
Dma.TIM4_CH1.7.MemBurst=DMA_MBURST_SINGLE
Dma.TIM4_CH1.7.MemDataAlignment=DMA_MDATAALIGN_WORD
Dma.TIM4_CH1.7.MemInc=DMA_MINC_ENABLE
Dma.TIM4_CH1.7.Mode=DMA_NORMAL
Dma.TIM4_CH1.7.PeriphBurst=DMA_PBURST_SINGLE
Dma.TIM4_CH1.7.PeriphDataAlignment=DMA_PDATAALIGN_WORD
Dma.TIM4_CH1.7.PeriphInc=DMA_PINC_DISABLE
Dma.TIM4_CH1.7.Polarity=HAL_DMAMUX_REQ_GEN_RISING
Dma.TIM4_CH1.7.Priority=DMA_PRIORITY_HIGH
Dma.TIM4_CH1.7.RequestNumber=1
Dma.TIM4_CH1.7.RequestParameters=Instance,Direction,PeriphInc,MemInc,PeriphDataAlignment,MemDataAlignment,Mode,Priority,FIFOMode,FIFOThreshold,MemBurst,PeriphBurst,SignalID,Polarity,RequestNumber,SyncSignalID,SyncPolarity,SyncEnable,EventEnable,SyncRequestNumber
Dma.TIM4_CH1.7.SignalID=NONE
Dma.TIM4_CH1.7.SyncEnable=DISABLE
Dma.TIM4_CH1.7.SyncPolarity=HAL_DMAMUX_SYNC_NO_EVENT
Dma.TIM4_CH1.7.SyncRequestNumber=1
Dma.TIM4_CH1.7.SyncSignalID=NONE
Dma.UART4_RX.3.Direction=DMA_PERIPH_TO_MEMORY
Dma.UART4_RX.3.EventEnable=DISABLE
Dma.UART4_RX.3.FIFOMode=DMA_FIFOMODE_DISABLE
Dma.UART4_RX.3.Instance=DMA1_Stream3
Dma.UART4_RX.3.MemDataAlignment=DMA_MDATAALIGN_BYTE
Dma.UART4_RX.3.MemInc=DMA_MINC_ENABLE
Dma.UART4_RX.3.Mode=DMA_CIRCULAR
Dma.UART4_RX.3.PeriphDataAlignment=DMA_PDATAALIGN_BYTE
Dma.UART4_RX.3.PeriphInc=DMA_PINC_DISABLE
Dma.UART4_RX.3.Polarity=HAL_DMAMUX_REQ_GEN_RISING
Dma.UART4_RX.3.Priority=DMA_PRIORITY_HIGH
Dma.UART4_RX.3.RequestNumber=1
Dma.UART4_RX.3.RequestParameters=Instance,Direction,PeriphInc,MemInc,PeriphDataAlignment,MemDataAlignment,Mode,Priority,FIFOMode,SignalID,Polarity,RequestNumber,SyncSignalID,SyncPolarity,SyncEnable,EventEnable,SyncRequestNumber
Dma.UART4_RX.3.SignalID=NONE
Dma.UART4_RX.3.SyncEnable=DISABLE
Dma.UART4_RX.3.SyncPolarity=HAL_DMAMUX_SYNC_NO_EVENT
Dma.UART4_RX.3.SyncRequestNumber=1
Dma.UART4_RX.3.SyncSignalID=NONE
Dma.USART3_RX.2.Direction=DMA_PERIPH_TO_MEMORY
Dma.USART3_RX.2.EventEnable=DISABLE
Dma.USART3_RX.2.FIFOMode=DMA_FIFOMODE_DISABLE
Dma.USART3_RX.2.Instance=DMA1_Stream2
Dma.USART3_RX.2.MemDataAlignment=DMA_MDATAALIGN_BYTE
Dma.USART3_RX.2.MemInc=DMA_MINC_ENABLE
Dma.USART3_RX.2.Mode=DMA_CIRCULAR
Dma.USART3_RX.2.PeriphDataAlignment=DMA_PDATAALIGN_BYTE
Dma.USART3_RX.2.PeriphInc=DMA_PINC_DISABLE
Dma.USART3_RX.2.Polarity=HAL_DMAMUX_REQ_GEN_RISING
Dma.USART3_RX.2.Priority=DMA_PRIORITY_HIGH
Dma.USART3_RX.2.RequestNumber=1
Dma.USART3_RX.2.RequestParameters=Instance,Direction,PeriphInc,MemInc,PeriphDataAlignment,MemDataAlignment,Mode,Priority,FIFOMode,SignalID,Polarity,RequestNumber,SyncSignalID,SyncPolarity,SyncEnable,EventEnable,SyncRequestNumber
Dma.USART3_RX.2.SignalID=NONE
Dma.USART3_RX.2.SyncEnable=DISABLE
Dma.USART3_RX.2.SyncPolarity=HAL_DMAMUX_SYNC_NO_EVENT
Dma.USART3_RX.2.SyncRequestNumber=1
Dma.USART3_RX.2.SyncSignalID=NONE
Dma.USART6_RX.0.Direction=DMA_PERIPH_TO_MEMORY
Dma.USART6_RX.0.EventEnable=DISABLE
Dma.USART6_RX.0.FIFOMode=DMA_FIFOMODE_DISABLE
Dma.USART6_RX.0.Instance=DMA1_Stream0
Dma.USART6_RX.0.MemDataAlignment=DMA_MDATAALIGN_BYTE
Dma.USART6_RX.0.MemInc=DMA_MINC_ENABLE
Dma.USART6_RX.0.Mode=DMA_CIRCULAR
Dma.USART6_RX.0.PeriphDataAlignment=DMA_PDATAALIGN_BYTE
Dma.USART6_RX.0.PeriphInc=DMA_PINC_DISABLE
Dma.USART6_RX.0.Polarity=HAL_DMAMUX_REQ_GEN_RISING
Dma.USART6_RX.0.Priority=DMA_PRIORITY_VERY_HIGH
Dma.USART6_RX.0.RequestNumber=1
Dma.USART6_RX.0.RequestParameters=Instance,Direction,PeriphInc,MemInc,PeriphDataAlignment,MemDataAlignment,Mode,Priority,FIFOMode,SignalID,Polarity,RequestNumber,SyncSignalID,SyncPolarity,SyncEnable,EventEnable,SyncRequestNumber
Dma.USART6_RX.0.SignalID=NONE
Dma.USART6_RX.0.SyncEnable=DISABLE
Dma.USART6_RX.0.SyncPolarity=HAL_DMAMUX_SYNC_NO_EVENT
Dma.USART6_RX.0.SyncRequestNumber=1
Dma.USART6_RX.0.SyncSignalID=NONE
Dma.USART6_TX.1.Direction=DMA_MEMORY_TO_PERIPH
Dma.USART6_TX.1.EventEnable=DISABLE
Dma.USART6_TX.1.FIFOMode=DMA_FIFOMODE_DISABLE
Dma.USART6_TX.1.Instance=DMA1_Stream1
Dma.USART6_TX.1.MemDataAlignment=DMA_MDATAALIGN_BYTE
Dma.USART6_TX.1.MemInc=DMA_MINC_ENABLE
Dma.USART6_TX.1.Mode=DMA_NORMAL
Dma.USART6_TX.1.PeriphDataAlignment=DMA_PDATAALIGN_BYTE
Dma.USART6_TX.1.PeriphInc=DMA_PINC_DISABLE
Dma.USART6_TX.1.Polarity=HAL_DMAMUX_REQ_GEN_RISING
Dma.USART6_TX.1.Priority=DMA_PRIORITY_VERY_HIGH
Dma.USART6_TX.1.RequestNumber=1
Dma.USART6_TX.1.RequestParameters=Instance,Direction,PeriphInc,MemInc,PeriphDataAlignment,MemDataAlignment,Mode,Priority,FIFOMode,SignalID,Polarity,RequestNumber,SyncSignalID,SyncPolarity,SyncEnable,EventEnable,SyncRequestNumber
Dma.USART6_TX.1.SignalID=NONE
Dma.USART6_TX.1.SyncEnable=DISABLE
Dma.USART6_TX.1.SyncPolarity=HAL_DMAMUX_SYNC_NO_EVENT
Dma.USART6_TX.1.SyncRequestNumber=1
Dma.USART6_TX.1.SyncSignalID=NONE
ETH.IPParameters=MediaInterface
ETH.MediaInterface=HAL_ETH_RMII_MODE
FREERTOS.BinarySemaphores01=coreTaskSem,Dynamic,NULL;uartTxSem,Dynamic,NULL
FREERTOS.FootprintOK=true
FREERTOS.IPParameters=Tasks01,FootprintOK,configTOTAL_HEAP_SIZE,configUSE_TIMERS,configTIMER_TASK_PRIORITY,Timers01,BinarySemaphores01,Mutexes01,configUSE_NEWLIB_REENTRANT
FREERTOS.Mutexes01=rosPubMutex,Dynamic,NULL;flightControlMutex,Dynamic,NULL
FREERTOS.Tasks01=coreTask,3,1024,coreTaskFunc,Default,NULL,Dynamic,NULL,NULL;rosSpinTask,0,256,rosSpinTaskFunc,Default,NULL,Dynamic,NULL,NULL;idleTask,-3,128,idleTaskFunc,Default,NULL,Dynamic,NULL,NULL;rosPublish,-1,128,rosPublishTask,Default,NULL,Dynamic,NULL,NULL;voltage,-2,256,voltageTask,Default,NULL,Dynamic,NULL,NULL;canRx,3,256,canRxTask,As weak,NULL,Dynamic,NULL,NULL;servoTask,3,256,ServoTaskCallback,As weak,NULL,Dynamic,NULL,NULL
FREERTOS.Timers01=coreTaskTimer,coreTaskEvokeCb,osTimerPeriodic,Default,NULL,Dynamic,NULL
FREERTOS.configTIMER_TASK_PRIORITY=6
FREERTOS.configTOTAL_HEAP_SIZE=25600
FREERTOS.configUSE_NEWLIB_REENTRANT=1
FREERTOS.configUSE_TIMERS=1
File.Version=6
GPIO.groupedBy=Group By Peripherals
I2C1.I2C_Speed_Mode=I2C_Standard
I2C1.IPParameters=Timing,I2C_Speed_Mode,Speed
I2C1.Speed=100
I2C1.Timing=0x10C0ECFF
I2C3.IPParameters=Timing
I2C3.Timing=0x10C0ECFF
I2S3.AudioFreq=I2S_AUDIOFREQ_96K
I2S3.ErrorAudioFreq=0.15 %
I2S3.FullDuplexMode=I2S_MODE_MASTER_FD
I2S3.IPParameters=Instance,VirtualMode,FullDuplexMode,RealAudioFreq,ErrorAudioFreq,AudioFreq
I2S3.Instance=SPI$Index
I2S3.RealAudioFreq=96.153 KHz
I2S3.VirtualMode=I2S_MODE_MASTER
KeepUserPlacement=false
LWIP.BSP.number=1
LWIP.GATEWAY_ADDRESS=192.168.025.253
LWIP.IPParameters=LWIP_DHCP,IP_ADDRESS,NETMASK_ADDRESS,GATEWAY_ADDRESS
LWIP.IP_ADDRESS=192.168.025.238
LWIP.LWIP_DHCP=0
LWIP.NETMASK_ADDRESS=255.255.255.000
LWIP.Version=v2.1.2_Cube
LWIP0.BSP.STBoard=false
LWIP0.BSP.api=BSP_COMPONENT_DRIVER
LWIP0.BSP.component=LAN8742
LWIP0.BSP.condition=
LWIP0.BSP.i2caddr=0
LWIP0.BSP.i2creg=
LWIP0.BSP.instance=LAN8742
LWIP0.BSP.ip=
LWIP0.BSP.mode=
LWIP0.BSP.name=Driver_PHY
LWIP0.BSP.semaphore=
LWIP0.BSP.solution=LAN8742
Mcu.Family=STM32H7
Mcu.IP0=ADC3
Mcu.IP1=CORTEX_M7
Mcu.IP10=I2S3
Mcu.IP11=LWIP
Mcu.IP12=NVIC
Mcu.IP13=RCC
Mcu.IP14=SPI1
Mcu.IP15=SPI4
Mcu.IP16=SYS
Mcu.IP17=TIM1
Mcu.IP18=TIM2
Mcu.IP19=TIM3
Mcu.IP2=DEBUG
Mcu.IP20=TIM4
Mcu.IP21=TIM13
Mcu.IP22=UART4
Mcu.IP23=UART5
Mcu.IP24=UART7
Mcu.IP25=UART8
Mcu.IP26=USART1
Mcu.IP27=USART2
Mcu.IP28=USART3
Mcu.IP29=USART6
Mcu.IP3=DMA
Mcu.IP30=USB_OTG_HS
Mcu.IP4=ETH
Mcu.IP5=FDCAN1
Mcu.IP6=FDCAN2
Mcu.IP7=FREERTOS
Mcu.IP8=I2C1
Mcu.IP9=I2C3
Mcu.IPNb=31
Mcu.Name=STM32H753VIHx
Mcu.Package=TFBGA100
Mcu.Pin0=PC13
Mcu.Pin1=PE2
Mcu.Pin10=PB8
Mcu.Pin11=PB6
Mcu.Pin12=PD5
Mcu.Pin13=PD2
Mcu.Pin14=PC11
Mcu.Pin15=PC10
Mcu.Pin16=PH0-OSC_IN (PH0)
Mcu.Pin17=PE1
Mcu.Pin18=PB5
Mcu.Pin19=PD6
Mcu.Pin2=PB9
Mcu.Pin20=PD3
Mcu.Pin21=PC12
Mcu.Pin22=PA9
Mcu.Pin23=PH1-OSC_OUT (PH1)
Mcu.Pin24=PE5
Mcu.Pin25=PE0
Mcu.Pin26=PD7
Mcu.Pin27=PD0
Mcu.Pin28=PA8
Mcu.Pin29=PA10
Mcu.Pin3=PB7
Mcu.Pin30=PE6
Mcu.Pin31=PD1
Mcu.Pin32=PC9
Mcu.Pin33=PC7
Mcu.Pin34=PC1
Mcu.Pin35=PC3_C
Mcu.Pin36=PC8
Mcu.Pin37=PC6
Mcu.Pin38=PC4
Mcu.Pin39=PB2
Mcu.Pin4=PB4 (NJTRST)
Mcu.Pin40=PE14
Mcu.Pin41=PD15
Mcu.Pin42=PD11
Mcu.Pin43=PB15
Mcu.Pin44=PA1
Mcu.Pin45=PA5
Mcu.Pin46=PC5
Mcu.Pin47=PD10
Mcu.Pin48=PB14
Mcu.Pin49=PA2
Mcu.Pin5=PB3 (JTDO/TRACESWO)
Mcu.Pin50=PA6
Mcu.Pin51=PE8
Mcu.Pin52=PB10
Mcu.Pin53=PB13
Mcu.Pin54=PD9
Mcu.Pin55=PD13
Mcu.Pin56=PA7
Mcu.Pin57=PB1
Mcu.Pin58=PB11
Mcu.Pin59=PB12
Mcu.Pin6=PA15 (JTDI)
Mcu.Pin60=PD8
Mcu.Pin61=PD12
Mcu.Pin62=VP_FREERTOS_VS_CMSIS_V1
Mcu.Pin63=VP_LWIP_VS_Enabled
Mcu.Pin64=VP_SYS_VS_tim8
Mcu.Pin65=VP_TIM1_VS_ClockSourceINT
Mcu.Pin66=VP_TIM2_VS_ClockSourceINT
Mcu.Pin67=VP_TIM3_VS_ClockSourceINT
Mcu.Pin68=VP_TIM4_VS_ClockSourceINT
Mcu.Pin69=VP_TIM13_VS_ClockSourceINT
Mcu.Pin7=PA14 (JTCK/SWCLK)
Mcu.Pin8=PA13 (JTMS/SWDIO)
Mcu.Pin9=PE3
Mcu.PinsNb=70
Mcu.ThirdPartyNb=0
Mcu.UserConstants=
Mcu.UserName=STM32H753VIHx
MxCube.Version=6.1.0
MxDb.Version=DB.6.0.10
NVIC.BusFault_IRQn=true\:0\:0\:false\:false\:true\:false\:false\:false
NVIC.DMA1_Stream0_IRQn=true\:5\:0\:false\:false\:true\:true\:false\:true
NVIC.DMA1_Stream1_IRQn=true\:5\:0\:false\:false\:true\:true\:false\:true
NVIC.DMA1_Stream2_IRQn=true\:5\:0\:false\:false\:true\:true\:false\:true
NVIC.DMA1_Stream3_IRQn=true\:5\:0\:false\:false\:true\:true\:false\:true
NVIC.DMA1_Stream4_IRQn=true\:5\:0\:false\:false\:true\:true\:false\:true
NVIC.DMA1_Stream5_IRQn=true\:5\:0\:false\:false\:true\:true\:false\:true
NVIC.DMA1_Stream6_IRQn=true\:5\:0\:false\:false\:true\:true\:false\:true
NVIC.DMA1_Stream7_IRQn=true\:5\:0\:false\:false\:true\:true\:false\:true
NVIC.DebugMonitor_IRQn=true\:0\:0\:false\:false\:true\:false\:false\:false
NVIC.ETH_IRQn=true\:5\:0\:false\:false\:true\:true\:true\:true
NVIC.ETH_WKUP_IRQn=true\:5\:0\:false\:false\:true\:true\:true\:true
NVIC.ForceEnableDMAVector=true
NVIC.HardFault_IRQn=true\:0\:0\:false\:false\:true\:false\:false\:false
NVIC.MemoryManagement_IRQn=true\:0\:0\:false\:false\:true\:false\:false\:false
NVIC.NonMaskableInt_IRQn=true\:0\:0\:false\:false\:true\:false\:false\:false
NVIC.PendSV_IRQn=true\:15\:0\:false\:false\:false\:true\:false\:false
NVIC.PriorityGroup=NVIC_PRIORITYGROUP_4
NVIC.SVCall_IRQn=true\:0\:0\:false\:false\:false\:false\:false\:false
NVIC.SavedPendsvIrqHandlerGenerated=true
NVIC.SavedSvcallIrqHandlerGenerated=true
NVIC.SavedSystickIrqHandlerGenerated=true
NVIC.SysTick_IRQn=true\:15\:0\:false\:false\:false\:true\:false\:true
NVIC.TIM8_UP_TIM13_IRQn=true\:0\:0\:false\:false\:true\:false\:false\:true
NVIC.TimeBase=TIM8_UP_TIM13_IRQn
NVIC.TimeBaseIP=TIM8
NVIC.USART6_IRQn=true\:5\:0\:false\:false\:true\:true\:true\:true
NVIC.UsageFault_IRQn=true\:0\:0\:false\:false\:true\:false\:false\:false
PA1.GPIOParameters=GPIO_Label
PA1.GPIO_Label=IFETH_REF_CLK
PA1.Mode=RMII
PA1.Signal=ETH_REF_CLK
PA10.GPIOParameters=GPIO_Label
PA10.GPIO_Label=IFUART1_RX
PA10.Locked=true
PA10.Mode=Asynchronous
PA10.Signal=USART1_RX
PA13\ (JTMS/SWDIO).Mode=Trace_Asynchronous_SW
PA13\ (JTMS/SWDIO).Signal=DEBUG_JTMS-SWDIO
PA14\ (JTCK/SWCLK).Mode=Trace_Asynchronous_SW
PA14\ (JTCK/SWCLK).Signal=DEBUG_JTCK-SWCLK
PA15\ (JTDI).GPIOParameters=GPIO_Label
PA15\ (JTDI).GPIO_Label=IFI2S_WS
PA15\ (JTDI).Locked=true
PA15\ (JTDI).Mode=Full_Duplex_Master
PA15\ (JTDI).Signal=I2S3_WS
PA2.GPIOParameters=GPIO_Label
PA2.GPIO_Label=IFETH_MDIO
PA2.Mode=RMII
PA2.Signal=ETH_MDIO
PA5.GPIOParameters=GPIO_Label
PA5.GPIO_Label=IFSPI_CLK
PA5.Locked=true
PA5.Mode=Full_Duplex_Master
PA5.Signal=SPI1_SCK
PA6.GPIOParameters=GPIO_Speed,GPIO_Label
PA6.GPIO_Label=BUZZER
PA6.GPIO_Speed=GPIO_SPEED_FREQ_VERY_HIGH
PA6.Locked=true
PA6.Signal=S_TIM13_CH1
PA7.GPIOParameters=GPIO_Label
PA7.GPIO_Label=IFETH_CRS_DV
PA7.Mode=RMII
PA7.Signal=ETH_CRS_DV
PA8.GPIOParameters=GPIO_Label
PA8.GPIO_Label=IFI2C2_SCL
PA8.Locked=true
PA8.Mode=I2C
PA8.Signal=I2C3_SCL
PA9.GPIOParameters=GPIO_Label
PA9.GPIO_Label=IFUART1_TX
PA9.Locked=true
PA9.Mode=Asynchronous
PA9.Signal=USART1_TX
PB1.GPIOParameters=GPIO_Label
PB1.GPIO_Label=IFPWM3
PB1.Locked=true
PB1.Signal=S_TIM3_CH4
PB10.GPIOParameters=GPIO_ModeDefaultPP,GPIO_Speed,GPIO_PuPd,GPIO_Label
PB10.GPIO_Label=IFPWM2
PB10.GPIO_ModeDefaultPP=GPIO_MODE_AF_PP
PB10.GPIO_PuPd=GPIO_NOPULL
PB10.GPIO_Speed=GPIO_SPEED_FREQ_LOW
PB10.Locked=true
PB10.Signal=S_TIM2_CH3
PB11.GPIOParameters=GPIO_Label
PB11.GPIO_Label=IFETH_TX_EN
PB11.Mode=RMII
PB11.Signal=ETH_TX_EN
PB12.GPIOParameters=GPIO_Label
PB12.GPIO_Label=IFETH_TXD0
PB12.Mode=RMII
PB12.Signal=ETH_TXD0
PB13.GPIOParameters=GPIO_Label
PB13.GPIO_Label=IFETH_TXD1
PB13.Locked=true
PB13.Mode=RMII
PB13.Signal=ETH_TXD1
PB14.GPIOParameters=GPIO_Label
PB14.GPIO_Label=IFUSB_DM
PB14.Locked=true
PB14.Mode=Host_FS
PB14.Signal=USB_OTG_HS_DM
PB15.GPIOParameters=GPIO_Label
PB15.GPIO_Label=IFUSB_DP
PB15.Locked=true
PB15.Mode=Host_FS
PB15.Signal=USB_OTG_HS_DP
PB2.GPIOParameters=GPIO_Label
PB2.GPIO_Label=IFI2S_SDO
PB2.Locked=true
PB2.Mode=Full_Duplex_Master
PB2.Signal=I2S3_SDO
PB3\ (JTDO/TRACESWO).Locked=true
PB3\ (JTDO/TRACESWO).Mode=Trace_Asynchronous_SW
PB3\ (JTDO/TRACESWO).Signal=DEBUG_JTDO-SWO
PB4\ (NJTRST).GPIOParameters=GPIO_Label
PB4\ (NJTRST).GPIO_Label=IFSPI_MISO
PB4\ (NJTRST).Locked=true
PB4\ (NJTRST).Mode=Full_Duplex_Master
PB4\ (NJTRST).Signal=SPI1_MISO
PB5.GPIOParameters=GPIO_Label
PB5.GPIO_Label=IFCAN2_RX
PB5.Mode=FDCAN_Activate
PB5.Signal=FDCAN2_RX
PB6.GPIOParameters=GPIO_Label
PB6.GPIO_Label=IFCAN2_TX
PB6.Locked=true
PB6.Mode=FDCAN_Activate
PB6.Signal=FDCAN2_TX
PB7.GPIOParameters=GPIO_PuPd,GPIO_Label
PB7.GPIO_Label=IFI2C1_SDA
PB7.GPIO_PuPd=GPIO_PULLUP
PB7.Locked=true
PB7.Mode=I2C
PB7.Signal=I2C1_SDA
PB8.GPIOParameters=GPIO_PuPd,GPIO_Label
PB8.GPIO_Label=IFI2C1_SCL
PB8.GPIO_PuPd=GPIO_PULLUP
PB8.Locked=true
PB8.Mode=I2C
PB8.Signal=I2C1_SCL
PB9.GPIOParameters=GPIO_Label
PB9.GPIO_Label=IFCAN1_TX
PB9.Locked=true
PB9.Mode=FDCAN_Activate
PB9.Signal=FDCAN1_TX
PC1.GPIOParameters=GPIO_Label
PC1.GPIO_Label=IFETH_MDC
PC1.Mode=RMII
PC1.Signal=ETH_MDC
PC10.GPIOParameters=GPIO_Label
PC10.GPIO_Label=IFI2S_CK
PC10.Locked=true
PC10.Mode=Full_Duplex_Master
PC10.Signal=I2S3_CK
PC11.GPIOParameters=GPIO_Label
PC11.GPIO_Label=IFI2S_WS
PC11.Locked=true
PC11.Mode=Full_Duplex_Master
PC11.Signal=I2S3_SDI
PC12.GPIOParameters=GPIO_Label
PC12.GPIO_Label=IFUART4_TX
PC12.Locked=true
PC12.Mode=Half_duplex(single_wire_mode)
PC12.Signal=UART5_TX
PC13.GPIOParameters=GPIO_Speed,PinState,GPIO_Label
PC13.GPIO_Label=IMU_nCS
PC13.GPIO_Speed=GPIO_SPEED_FREQ_LOW
PC13.Locked=true
PC13.PinState=GPIO_PIN_SET
PC13.Signal=GPIO_Output
PC3_C.GPIOParameters=GPIO_Label
PC3_C.GPIO_Label=ADC_Press
PC3_C.Mode=IN1-Single-Ended
PC3_C.Signal=ADC3_INP1
PC4.GPIOParameters=GPIO_Label
PC4.GPIO_Label=IFETH_RCD0
PC4.Mode=RMII
PC4.Signal=ETH_RXD0
PC5.GPIOParameters=GPIO_Label
PC5.GPIO_Label=IFETH_RCD1
PC5.Mode=RMII
PC5.Signal=ETH_RXD1
PC6.GPIOParameters=GPIO_Label
PC6.GPIO_Label=FTDI_UARTTX
PC6.Mode=Asynchronous
PC6.Signal=USART6_TX
PC7.GPIOParameters=GPIO_Label
PC7.GPIO_Label=FTDI_UARTRX
PC7.Locked=true
PC7.Mode=Asynchronous
PC7.Signal=USART6_RX
PC8.GPIOParameters=GPIO_Label
PC8.GPIO_Label=IFIO1
PC8.Locked=true
PC8.Signal=GPIO_Input
PC9.GPIOParameters=GPIO_Label
PC9.GPIO_Label=IFI2C2_SDA
PC9.Locked=true
PC9.Mode=I2C
PC9.Signal=I2C3_SDA
PD0.GPIOParameters=GPIO_Label
PD0.GPIO_Label=IFCAN1_RX
PD0.Locked=true
PD0.Mode=FDCAN_Activate
PD0.Signal=FDCAN1_RX
PD1.GPIOParameters=GPIO_Label
PD1.GPIO_Label=IFUART3_TX
PD1.Locked=true
PD1.Mode=Half_duplex(single_wire_mode)
PD1.Signal=UART4_TX
PD10.GPIOParameters=GPIO_Label
PD10.GPIO_Label=IFIO3
PD10.Locked=true
PD10.Signal=GPIO_Input
PD11.GPIOParameters=GPIO_Label
PD11.GPIO_Label=IFIO2
PD11.Locked=true
PD11.Signal=GPIO_Input
PD12.GPIOParameters=GPIO_Label
PD12.GPIO_Label=IFPWM4
PD12.Locked=true
PD12.Signal=S_TIM4_CH1
PD13.GPIOParameters=GPIO_Label
PD13.GPIO_Label=LED2
PD13.Locked=true
PD13.Signal=GPIO_Output
PD15.GPIOParameters=GPIO_Label
PD15.GPIO_Label=LED1
PD15.Locked=true
PD15.Signal=GPIO_Output
PD2.GPIOParameters=GPIO_Label
PD2.GPIO_Label=IFSPI_nCS
PD2.Locked=true
PD2.Signal=GPIO_Output
PD3.GPIOParameters=GPIO_Label
PD3.GPIO_Label=WRITE_AUX
PD3.Locked=true
PD3.Signal=GPIO_Output
PD5.GPIOParameters=GPIO_Label
PD5.GPIO_Label=IFUART2_TX
PD5.Locked=true
PD5.Mode=Asynchronous
PD5.Signal=USART2_TX
PD6.GPIOParameters=GPIO_Label
PD6.GPIO_Label=IFUART2_RX
PD6.Locked=true
PD6.Mode=Asynchronous
PD6.Signal=USART2_RX
PD7.GPIOParameters=GPIO_Label
PD7.GPIO_Label=IFSPI_MOSI
PD7.Mode=Full_Duplex_Master
PD7.Signal=SPI1_MOSI
PD8.GPIOParameters=GPIO_Speed,GPIO_PuPd,GPIO_Label
PD8.GPIO_Label=IFUART6_TX
PD8.GPIO_PuPd=GPIO_PULLDOWN
PD8.GPIO_Speed=GPIO_SPEED_FREQ_HIGH
PD8.Locked=true
PD8.Mode=Half_duplex(single_wire_mode)
PD8.Signal=USART3_TX
PD9.GPIOParameters=GPIO_Label
PD9.GPIO_Label=IFIO4
PD9.Locked=true
PD9.Signal=GPIO_Input
PE0.GPIOParameters=GPIO_Label
PE0.GPIO_Label=IFUART7_RX
PE0.Locked=true
PE0.Mode=Asynchronous
PE0.Signal=UART8_RX
PE1.GPIOParameters=GPIO_Label
PE1.GPIO_Label=IFUART7_TX
PE1.Locked=true
PE1.Mode=Asynchronous
PE1.Signal=UART8_TX
PE14.GPIOParameters=GPIO_Label
PE14.GPIO_Label=IFPWM1
PE14.Locked=true
PE14.Signal=S_TIM1_CH4
PE2.GPIOParameters=GPIO_Speed,GPIO_PuPd,GPIO_Label
PE2.GPIO_Label=IMU_SCK
PE2.GPIO_PuPd=GPIO_PULLUP
PE2.GPIO_Speed=GPIO_SPEED_FREQ_MEDIUM
PE2.Locked=true
PE2.Mode=Full_Duplex_Master
PE2.Signal=SPI4_SCK
PE3.GPIOParameters=PinState,GPIO_Label
PE3.GPIO_Label=BARO_CS
PE3.Locked=true
PE3.PinState=GPIO_PIN_SET
PE3.Signal=GPIO_Output
PE5.GPIOParameters=GPIO_Speed,GPIO_PuPd,GPIO_Label
PE5.GPIO_Label=IMU_MISO
PE5.GPIO_PuPd=GPIO_PULLUP
PE5.GPIO_Speed=GPIO_SPEED_FREQ_MEDIUM
PE5.Locked=true
PE5.Mode=Full_Duplex_Master
PE5.Signal=SPI4_MISO
PE6.GPIOParameters=GPIO_Speed,GPIO_PuPd,GPIO_Label
PE6.GPIO_Label=IMU_MOSI
PE6.GPIO_PuPd=GPIO_PULLUP
PE6.GPIO_Speed=GPIO_SPEED_FREQ_MEDIUM
PE6.Locked=true
PE6.Mode=Full_Duplex_Master
PE6.Signal=SPI4_MOSI
PE8.GPIOParameters=GPIO_Label
PE8.GPIO_Label=IFUART5_TX
PE8.Locked=true
PE8.Mode=Half_duplex(single_wire_mode)
PE8.Signal=UART7_TX
PH0-OSC_IN\ (PH0).Mode=HSE-External-Oscillator
PH0-OSC_IN\ (PH0).Signal=RCC_OSC_IN
PH1-OSC_OUT\ (PH1).Mode=HSE-External-Oscillator
PH1-OSC_OUT\ (PH1).Signal=RCC_OSC_OUT
PinOutPanel.CurrentBGAView=Top
PinOutPanel.RotationAngle=0
ProjectManager.AskForMigrate=true
ProjectManager.BackupPrevious=false
ProjectManager.CompilerOptimize=6
ProjectManager.ComputerToolchain=false
ProjectManager.CoupleFile=false
ProjectManager.CustomerFirmwarePackage=
ProjectManager.DefaultFWLocation=true
ProjectManager.DeletePrevious=true
ProjectManager.DeviceId=STM32H753VIHx
ProjectManager.FirmwarePackage=STM32Cube FW_H7 V1.8.0
ProjectManager.FreePins=false
ProjectManager.HalAssertFull=false
ProjectManager.HeapSize=0x200
ProjectManager.KeepUserCode=true
ProjectManager.LastFirmware=true
ProjectManager.LibraryCopy=1
ProjectManager.MainLocation=Src
ProjectManager.NoMain=false
ProjectManager.PreviousToolchain=
ProjectManager.ProjectBuild=false
ProjectManager.ProjectFileName=spinal.ioc
ProjectManager.ProjectName=spinal
ProjectManager.RegisterCallBack=
ProjectManager.StackSize=0x400
ProjectManager.TargetToolchain=STM32CubeIDE
ProjectManager.ToolChainLocation=
ProjectManager.UnderRoot=false
ProjectManager.functionlistsort=1-MX_GPIO_Init-GPIO-false-HAL-true,2-SystemClock_Config-RCC-false-HAL-false,3-MX_USART6_UART_Init-USART6-false-HAL-true,4-MX_FDCAN1_Init-FDCAN1-false-HAL-true,5-MX_FDCAN2_Init-FDCAN2-false-HAL-true,6-MX_I2C1_Init-I2C1-false-HAL-true,7-MX_I2C3_Init-I2C3-false-HAL-true,8-MX_SPI4_Init-SPI4-false-HAL-true,9-MX_I2S3_Init-I2S3-false-HAL-true,10-MX_UART8_Init-UART8-false-HAL-true,11-MX_UART4_Init-UART4-false-HAL-true,12-MX_UART5_Init-UART5-false-HAL-true,13-MX_UART7_Init-UART7-false-HAL-true,14-MX_USART1_UART_Init-USART1-false-HAL-true,15-MX_USART2_UART_Init-USART2-false-HAL-true,16-MX_USART3_UART_Init-USART3-false-HAL-true,17-MX_USB_OTG_HS_HCD_Init-USB_OTG_HS-false-HAL-true,18-MX_TIM1_Init-TIM1-false-HAL-true,19-MX_TIM2_Init-TIM2-false-HAL-true,20-MX_TIM3_Init-TIM3-false-HAL-true,21-MX_TIM4_Init-TIM4-false-HAL-true,22-MX_SPI1_Init-SPI1-false-HAL-true,23-MX_TIM13_Init-TIM13-false-HAL-true,24-MX_ADC3_Init-ADC3-false-HAL-true,25-MX_DMA_Init-DMA-false-HAL-true,26-MX_LWIP_Init-LWIP-false-HAL-false,0-MX_CORTEX_M7_Init-CORTEX_M7-false-HAL-true
RCC.ADCFreq_Value=400000000
RCC.AHB12Freq_Value=200000000
RCC.AHB4Freq_Value=200000000
RCC.APB1Freq_Value=100000000
RCC.APB2Freq_Value=100000000
RCC.APB3Freq_Value=100000000
RCC.APB4Freq_Value=100000000
RCC.AXIClockFreq_Value=200000000
RCC.CECFreq_Value=32000
RCC.CKPERFreq_Value=64000000
RCC.CortexFreq_Value=400000000
RCC.CpuClockFreq_Value=400000000
RCC.D1CPREFreq_Value=400000000
RCC.D1PPRE=RCC_APB3_DIV2
RCC.D2PPRE1=RCC_APB1_DIV2
RCC.D2PPRE2=RCC_APB2_DIV2
RCC.D3PPRE=RCC_APB4_DIV2
RCC.DFSDMACLkFreq_Value=200000000
RCC.DFSDMFreq_Value=100000000
RCC.DIVM1=1
RCC.DIVM2=1
RCC.DIVM3=1
RCC.DIVN1=100
RCC.DIVN2=100
RCC.DIVN3=100
RCC.DIVP1Freq_Value=400000000
RCC.DIVP2Freq_Value=400000000
RCC.DIVP3Freq_Value=400000000
RCC.DIVQ1=4
RCC.DIVQ1Freq_Value=200000000
RCC.DIVQ2=10
RCC.DIVQ2Freq_Value=80000000
RCC.DIVQ3Freq_Value=400000000
RCC.DIVR1Freq_Value=400000000
RCC.DIVR2Freq_Value=400000000
RCC.DIVR3Freq_Value=400000000
RCC.FDCANCLockSelection=RCC_FDCANCLKSOURCE_PLL2
RCC.FDCANFreq_Value=80000000
RCC.FMCFreq_Value=200000000
RCC.FamilyName=M
RCC.HCLK3ClockFreq_Value=200000000
RCC.HCLKFreq_Value=200000000
RCC.HPRE=RCC_HCLK_DIV2
RCC.HRTIMFreq_Value=200000000
RCC.HSE_VALUE=8000000
RCC.I2C123Freq_Value=100000000
RCC.I2C4Freq_Value=100000000
RCC.IPParameters=ADCFreq_Value,AHB12Freq_Value,AHB4Freq_Value,APB1Freq_Value,APB2Freq_Value,APB3Freq_Value,APB4Freq_Value,AXIClockFreq_Value,CECFreq_Value,CKPERFreq_Value,CortexFreq_Value,CpuClockFreq_Value,D1CPREFreq_Value,D1PPRE,D2PPRE1,D2PPRE2,D3PPRE,DFSDMACLkFreq_Value,DFSDMFreq_Value,DIVM1,DIVM2,DIVM3,DIVN1,DIVN2,DIVN3,DIVP1Freq_Value,DIVP2Freq_Value,DIVP3Freq_Value,DIVQ1,DIVQ1Freq_Value,DIVQ2,DIVQ2Freq_Value,DIVQ3Freq_Value,DIVR1Freq_Value,DIVR2Freq_Value,DIVR3Freq_Value,FDCANCLockSelection,FDCANFreq_Value,FMCFreq_Value,FamilyName,HCLK3ClockFreq_Value,HCLKFreq_Value,HPRE,HRTIMFreq_Value,HSE_VALUE,I2C123Freq_Value,I2C4Freq_Value,LPTIM1Freq_Value,LPTIM2Freq_Value,LPTIM345Freq_Value,LPUART1Freq_Value,LTDCFreq_Value,MCO1PinFreq_Value,MCO2PinFreq_Value,PLL2FRACN,PLL3FRACN,PLLFRACN,PLLSourceVirtual,QSPIFreq_Value,RNGFreq_Value,RTCFreq_Value,SAI1Freq_Value,SAI23Freq_Value,SAI4AFreq_Value,SAI4BFreq_Value,SDMMCFreq_Value,SPDIFRXFreq_Value,SPI123Freq_Value,SPI45Freq_Value,SPI6Freq_Value,SWPMI1Freq_Value,SYSCLKFreq_VALUE,SYSCLKSource,Tim1OutputFreq_Value,Tim2OutputFreq_Value,TraceFreq_Value,USART16Freq_Value,USART234578Freq_Value,USBCLockSelection,USBFreq_Value,VCO1OutputFreq_Value,VCO2OutputFreq_Value,VCO3OutputFreq_Value,VCOInput1Freq_Value,VCOInput2Freq_Value,VCOInput3Freq_Value
RCC.LPTIM1Freq_Value=100000000
RCC.LPTIM2Freq_Value=100000000
RCC.LPTIM345Freq_Value=100000000
RCC.LPUART1Freq_Value=100000000
RCC.LTDCFreq_Value=400000000
RCC.MCO1PinFreq_Value=64000000
RCC.MCO2PinFreq_Value=400000000
RCC.PLL2FRACN=0
RCC.PLL3FRACN=0
RCC.PLLFRACN=0
RCC.PLLSourceVirtual=RCC_PLLSOURCE_HSE
RCC.QSPIFreq_Value=200000000
RCC.RNGFreq_Value=48000000
RCC.RTCFreq_Value=32000
RCC.SAI1Freq_Value=200000000
RCC.SAI23Freq_Value=200000000
RCC.SAI4AFreq_Value=200000000
RCC.SAI4BFreq_Value=200000000
RCC.SDMMCFreq_Value=200000000
RCC.SPDIFRXFreq_Value=200000000
RCC.SPI123Freq_Value=200000000
RCC.SPI45Freq_Value=100000000
RCC.SPI6Freq_Value=100000000
RCC.SWPMI1Freq_Value=100000000
RCC.SYSCLKFreq_VALUE=400000000
RCC.SYSCLKSource=RCC_SYSCLKSOURCE_PLLCLK
RCC.Tim1OutputFreq_Value=200000000
RCC.Tim2OutputFreq_Value=200000000
RCC.TraceFreq_Value=400000000
RCC.USART16Freq_Value=100000000
RCC.USART234578Freq_Value=100000000
RCC.USBCLockSelection=RCC_USBCLKSOURCE_HSI48
RCC.USBFreq_Value=48000000
RCC.VCO1OutputFreq_Value=800000000
RCC.VCO2OutputFreq_Value=800000000
RCC.VCO3OutputFreq_Value=800000000
RCC.VCOInput1Freq_Value=8000000
RCC.VCOInput2Freq_Value=8000000
RCC.VCOInput3Freq_Value=8000000
SH.S_TIM13_CH1.0=TIM13_CH1,PWM Generation1 CH1
SH.S_TIM13_CH1.ConfNb=1
SH.S_TIM1_CH4.0=TIM1_CH4,PWM Generation4 CH4
SH.S_TIM1_CH4.ConfNb=1
SH.S_TIM2_CH3.0=TIM2_CH3,PWM Generation3 CH3
SH.S_TIM2_CH3.ConfNb=1
SH.S_TIM3_CH4.0=TIM3_CH4,PWM Generation4 CH4
SH.S_TIM3_CH4.ConfNb=1
SH.S_TIM4_CH1.0=TIM4_CH1,PWM Generation1 CH1
SH.S_TIM4_CH1.ConfNb=1
SPI1.BaudRatePrescaler=SPI_BAUDRATEPRESCALER_32
SPI1.CLKPhase=SPI_PHASE_2EDGE
SPI1.CLKPolarity=SPI_POLARITY_HIGH
SPI1.CalculateBaudRate=6.25 MBits/s
SPI1.DataSize=SPI_DATASIZE_8BIT
SPI1.Direction=SPI_DIRECTION_2LINES
SPI1.IPParameters=BaudRatePrescaler,VirtualType,Mode,Direction,CalculateBaudRate,DataSize,CLKPolarity,CLKPhase
SPI1.Mode=SPI_MODE_MASTER
SPI1.VirtualType=VM_MASTER
SPI4.BaudRatePrescaler=SPI_BAUDRATEPRESCALER_16
SPI4.CLKPhase=SPI_PHASE_2EDGE
SPI4.CLKPolarity=SPI_POLARITY_HIGH
SPI4.CalculateBaudRate=6.25 MBits/s
SPI4.DataSize=SPI_DATASIZE_8BIT
SPI4.Direction=SPI_DIRECTION_2LINES
SPI4.IPParameters=VirtualType,Mode,Direction,CalculateBaudRate,BaudRatePrescaler,DataSize,CLKPolarity,CLKPhase
SPI4.Mode=SPI_MODE_MASTER
SPI4.VirtualType=VM_MASTER
TIM1.Channel-PWM\ Generation4\ CH4=TIM_CHANNEL_4
TIM1.IPParameters=Channel-PWM Generation4 CH4,Prescaler,Period
TIM1.Period=1-1
TIM1.Prescaler=2-1
TIM13.Channel=TIM_CHANNEL_1
TIM13.IPParameters=Channel,Prescaler,Period,OC1Preload_PWM
TIM13.OC1Preload_PWM=DISABLE
TIM13.Period=499
TIM13.Prescaler=49
TIM2.AutoReloadPreload=TIM_AUTORELOAD_PRELOAD_DISABLE
TIM2.Channel-PWM\ Generation3\ CH3=TIM_CHANNEL_3
TIM2.IPParameters=Channel-PWM Generation3 CH3,Prescaler,Period,AutoReloadPreload
TIM2.Period=1-1
TIM2.Prescaler=2-1
TIM3.Channel-PWM\ Generation4\ CH4=TIM_CHANNEL_4
TIM3.IPParameters=Channel-PWM Generation4 CH4,Prescaler,Period
TIM3.Period=1-1
TIM3.Prescaler=2-1
TIM4.Channel-PWM\ Generation1\ CH1=TIM_CHANNEL_1
TIM4.IPParameters=Channel-PWM Generation1 CH1,Prescaler,Period
TIM4.Period=1-1
TIM4.Prescaler=2-1
USART1.IPParameters=VirtualMode-Asynchronous
USART1.VirtualMode-Asynchronous=VM_ASYNC
USART2.IPParameters=VirtualMode-Asynchronous
USART2.VirtualMode-Asynchronous=VM_ASYNC
USART3.BaudRate=1250000
USART3.FIFOMode=FIFOMODE_ENABLE
USART3.IPParameters=VirtualMode-Half_duplex(single_wire_mode),BaudRate,WordLength,Parity,FIFOMode,RXFIFOThreshold
USART3.Parity=PARITY_EVEN
USART3.RXFIFOThreshold=RXFIFO_THRESHOLD_1EIGHTHFULL
USART3.VirtualMode-Half_duplex(single_wire_mode)=VM_ASYNC
USART3.WordLength=WORDLENGTH_9B
USART6.BaudRate=921600
USART6.IPParameters=VirtualMode,BaudRate
USART6.VirtualMode=VM_ASYNC
USB_OTG_HS.IPParameters=VirtualMode-Host_FS
USB_OTG_HS.VirtualMode-Host_FS=Host_FS
VP_FREERTOS_VS_CMSIS_V1.Mode=CMSIS_V1
VP_FREERTOS_VS_CMSIS_V1.Signal=FREERTOS_VS_CMSIS_V1
VP_LWIP_VS_Enabled.Mode=Enabled
VP_LWIP_VS_Enabled.Signal=LWIP_VS_Enabled
VP_SYS_VS_tim8.Mode=TIM8
VP_SYS_VS_tim8.Signal=SYS_VS_tim8
VP_TIM13_VS_ClockSourceINT.Mode=Enable_Timer
VP_TIM13_VS_ClockSourceINT.Signal=TIM13_VS_ClockSourceINT
VP_TIM1_VS_ClockSourceINT.Mode=Internal
VP_TIM1_VS_ClockSourceINT.Signal=TIM1_VS_ClockSourceINT
VP_TIM2_VS_ClockSourceINT.Mode=Internal
VP_TIM2_VS_ClockSourceINT.Signal=TIM2_VS_ClockSourceINT
VP_TIM3_VS_ClockSourceINT.Mode=Internal
VP_TIM3_VS_ClockSourceINT.Signal=TIM3_VS_ClockSourceINT
VP_TIM4_VS_ClockSourceINT.Mode=Internal
VP_TIM4_VS_ClockSourceINT.Signal=TIM4_VS_ClockSourceINT
board=custom
isbadioc=false
