#MicroXplorer Configuration settings - do not modify
Mcu.Family=STM32G4
ProjectManager.MainLocation=Core/Src
RCC.USART1Freq_Value=16000000
RCC.SAI1Freq_Value=16000000
USART2.IPParameters=VirtualMode-Asynchronous
RCC.CortexFreq_Value=16000000
ProjectManager.KeepUserCode=true
Mcu.UserName=STM32G473CEUx
SPI1.VirtualType=VM_MASTER
PB10.Mode=Asynchronous
ProjectManager.functionlistsort=
PA11.Mode=FDCAN_Activate
PB6.GPIO_Label=IMU_CS
RCC.USART2Freq_Value=16000000
SH.S_TIM1_CH1.ConfNb=1
PC13.GPIO_Label=LED
PB11.Signal=USART3_RX
PinOutPanel.RotationAngle=0
RCC.MCO1PinFreq_Value=16000000
ProjectManager.StackSize=0x400
USART3.VirtualMode-Asynchronous=VM_ASYNC
RCC.I2C3Freq_Value=16000000
RCC.LPTIM1Freq_Value=16000000
Mcu.IP4=RCC
RCC.FCLKCortexFreq_Value=16000000
Mcu.IP5=SPI1
Mcu.IP2=I2C1
NVIC.SVCall_IRQn=true\:0\:0\:false\:false\:true\:false\:false
Mcu.IP3=NVIC
Mcu.IP0=ADC1
Mcu.IP1=FDCAN1
PA12.Signal=FDCAN1_TX
Mcu.UserConstants=
Mcu.ThirdPartyNb=0
SPI1.Direction=SPI_DIRECTION_2LINES
RCC.HCLKFreq_Value=16000000
RCC.I2C4Freq_Value=16000000
Mcu.IPNb=9
ProjectManager.PreviousToolchain=
RCC.APB2TimFreq_Value=16000000
PB6.Signal=GPIO_Output
SPI1.CalculateBaudRate=8.0 MBits/s
Mcu.Pin6=PA3
Mcu.Pin7=PB10
Mcu.Pin8=PB11
Mcu.Pin9=PA8
RCC.AHBFreq_Value=16000000
Mcu.Pin0=PC13
Mcu.Pin1=PF0-OSC_IN
GPIO.groupedBy=Group By Peripherals
Mcu.Pin2=PF1-OSC_OUT
Mcu.Pin3=PA0
RCC.USART3Freq_Value=16000000
Mcu.Pin4=PA1
Mcu.Pin5=PA2
ADC1.Channel-0\#ChannelRegularConversion=ADC_CHANNEL_1
ProjectManager.ProjectBuild=false
RCC.HSE_VALUE=8000000
NVIC.UsageFault_IRQn=true\:0\:0\:false\:false\:true\:false\:false
PA0.Locked=true
NVIC.DebugMonitor_IRQn=true\:0\:0\:false\:false\:true\:false\:false
PB3.Mode=Full_Duplex_Master
PA8.Locked=true
USART2.VirtualMode-Asynchronous=VM_ASYNC
NVIC.SysTick_IRQn=true\:0\:0\:false\:false\:true\:false\:true
ProjectManager.FirmwarePackage=STM32Cube FW_G4 V1.3.0
MxDb.Version=DB.6.0.10
PB4.Mode=Full_Duplex_Master
ProjectManager.BackupPrevious=false
RCC.VCOInputFreq_Value=16000000
PA14.Mode=Serial_Wire
PB5.Mode=Full_Duplex_Master
File.Version=6
PA0.Mode=IN1-Single-Ended
VP_SYS_VS_DBSignals.Mode=DisableDeadBatterySignals
PB7.Signal=I2C1_SDA
PA8.Signal=S_TIM1_CH1
RCC.PLLRCLKFreq_Value=64000000
PB6.Locked=true
NVIC.PendSV_IRQn=true\:0\:0\:false\:false\:true\:false\:false
PB6.GPIOParameters=GPIO_Speed,GPIO_Label
ProjectManager.HalAssertFull=false
ADC1.SamplingTime-0\#ChannelRegularConversion=ADC_SAMPLETIME_2CYCLES_5
RCC.CRSFreq_Value=48000000
ProjectManager.ProjectName=neuron_g4
PA0.Signal=ADC1_IN1
Mcu.Package=UFQFPN48
ProjectManager.ToolChainLocation=
RCC.LSI_VALUE=32000
VP_SYS_VS_Systick.Signal=SYS_VS_Systick
RCC.LSCOPinFreq_Value=32000
USART3.IPParameters=VirtualMode-Asynchronous
RCC.PLLPoutputFreq_Value=64000000
RCC.APB1TimFreq_Value=16000000
NVIC.BusFault_IRQn=true\:0\:0\:false\:false\:true\:false\:false
RCC.LPUART1Freq_Value=16000000
PF1-OSC_OUT.Mode=HSE-External-Oscillator
ProjectManager.CustomerFirmwarePackage=
PF1-OSC_OUT.Signal=RCC_OSC_OUT
RCC.HSI48_VALUE=48000000
PB3.Locked=true
PB4.Signal=SPI1_MISO
RCC.HRTIM1Freq_Value=16000000
PA3.Signal=USART2_RX
RCC.I2SFreq_Value=16000000
RCC.PLLQoutputFreq_Value=64000000
ProjectManager.ProjectFileName=neuron_g4.ioc
PB8-BOOT0.Mode=I2C
ADC1.Rank-0\#ChannelRegularConversion=1
Mcu.PinsNb=23
ProjectManager.NoMain=false
SPI1.IPParameters=VirtualType,Mode,Direction,CalculateBaudRate
ADC1.IPParameters=Rank-0\#ChannelRegularConversion,Channel-0\#ChannelRegularConversion,SamplingTime-0\#ChannelRegularConversion,OffsetNumber-0\#ChannelRegularConversion,NbrOfConversionFlag,master
PC13.Locked=true
ADC1.OffsetNumber-0\#ChannelRegularConversion=ADC_OFFSET_NONE
PC13.Signal=GPIO_Output
RCC.EXTERNAL_CLOCK_VALUE=12288000
ProjectManager.DefaultFWLocation=true
ProjectManager.DeletePrevious=true
RCC.QSPIFreq_Value=16000000
RCC.FamilyName=M
PB8-BOOT0.Locked=true
PA13.Signal=SYS_JTMS-SWDIO
PA3.Mode=Asynchronous
SH.S_TIM1_CH1.0=TIM1_CH1
PB11.Mode=Asynchronous
ProjectManager.TargetToolchain=EWARM V8.32
PA9.Signal=S_TIM1_CH2
PB5.Locked=true
ProjectManager.RegisterCallBack=
RCC.USBFreq_Value=64000000
RCC.LSE_VALUE=32768
PA1.Signal=ADC1_IN2
SH.S_TIM1_CH2.ConfNb=1
PF0-OSC_IN.Mode=HSE-External-Oscillator
PB10.Signal=USART3_TX
PB8-BOOT0.Signal=I2C1_SCL
board=custom
RCC.VCOOutputFreq_Value=128000000
ProjectManager.LastFirmware=true
RCC.APB2Freq_Value=16000000
PA1.Mode=IN2-Single-Ended
RCC.UART4Freq_Value=16000000
MxCube.Version=6.1.2
SH.S_TIM1_CH2.0=TIM1_CH2
RCC.I2C1Freq_Value=16000000
SPI1.Mode=SPI_MODE_MASTER
VP_SYS_VS_DBSignals.Signal=SYS_VS_DBSignals
PC13.GPIOParameters=GPIO_Label
RCC.FDCANFreq_Value=16000000
RCC.RNGFreq_Value=64000000
VP_SYS_VS_Systick.Mode=SysTick
PA9.Locked=true
NVIC.NonMaskableInt_IRQn=true\:0\:0\:false\:false\:true\:false\:false
RCC.UART5Freq_Value=16000000
PA13.Mode=Serial_Wire
ProjectManager.FreePins=false
RCC.IPParameters=AHBFreq_Value,APB1Freq_Value,APB1TimFreq_Value,APB2Freq_Value,APB2TimFreq_Value,CRSFreq_Value,CortexFreq_Value,EXTERNAL_CLOCK_VALUE,FCLKCortexFreq_Value,FDCANFreq_Value,FamilyName,HCLKFreq_Value,HRTIM1Freq_Value,HSE_VALUE,HSI48_VALUE,HSI_VALUE,I2C1Freq_Value,I2C2Freq_Value,I2C3Freq_Value,I2C4Freq_Value,I2SFreq_Value,LPTIM1Freq_Value,LPUART1Freq_Value,LSCOPinFreq_Value,LSE_VALUE,LSI_VALUE,MCO1PinFreq_Value,PLLPoutputFreq_Value,PLLQoutputFreq_Value,PLLRCLKFreq_Value,PWRFreq_Value,QSPIFreq_Value,RNGFreq_Value,SAI1Freq_Value,SYSCLKFreq_VALUE,UART4Freq_Value,UART5Freq_Value,USART1Freq_Value,USART2Freq_Value,USART3Freq_Value,USBFreq_Value,VCOInputFreq_Value,VCOOutputFreq_Value
ProjectManager.AskForMigrate=true
Mcu.Name=STM32G473C(B-C-E)Ux
PA2.Signal=USART2_TX
ProjectManager.UnderRoot=false
Mcu.IP8=USART3
Mcu.IP6=SYS
Mcu.IP7=USART2
ProjectManager.CoupleFile=false
PB4.Locked=true
PB3.Signal=SPI1_SCK
RCC.SYSCLKFreq_VALUE=16000000
PB5.Signal=SPI1_MOSI
Mcu.Pin22=VP_SYS_VS_DBSignals
PA1.Locked=true
Mcu.Pin20=PB8-BOOT0
ADC1.master=1
Mcu.Pin21=VP_SYS_VS_Systick
PA12.Mode=FDCAN_Activate
NVIC.ForceEnableDMAVector=true
KeepUserPlacement=false
NVIC.MemoryManagement_IRQn=true\:0\:0\:false\:false\:true\:false\:false
ProjectManager.CompilerOptimize=6
PB7.Mode=I2C
PA11.Signal=FDCAN1_RX
PA14.Signal=SYS_JTCK-SWCLK
ProjectManager.HeapSize=0x200
Mcu.Pin15=PB3
NVIC.HardFault_IRQn=true\:0\:0\:false\:false\:true\:false\:false
Mcu.Pin16=PB4
Mcu.Pin13=PA13
Mcu.Pin14=PA14
Mcu.Pin19=PB7
ProjectManager.ComputerToolchain=false
Mcu.Pin17=PB5
RCC.HSI_VALUE=16000000
Mcu.Pin18=PB6
NVIC.PriorityGroup=NVIC_PRIORITYGROUP_4
ADC1.NbrOfConversionFlag=1
Mcu.Pin11=PA11
Mcu.Pin12=PA12
Mcu.Pin10=PA9
PA2.Mode=Asynchronous
RCC.PWRFreq_Value=16000000
PF0-OSC_IN.Signal=RCC_OSC_IN
PB6.GPIO_Speed=GPIO_SPEED_FREQ_HIGH
RCC.I2C2Freq_Value=16000000
RCC.APB1Freq_Value=16000000
ProjectManager.DeviceId=STM32G473CEUx
ProjectManager.LibraryCopy=0
